
Microsoft Visual Studio Solution File, Format Version 12.00
# Visual Studio 15
VisualStudioVersion = 15.0.28010.2048
MinimumVisualStudioVersion = 10.0.40219.1
Project("{FAE04EC0-301F-11D3-BF4B-00C04F79EFBC}") = "FriendsGram.Android", "FriendsGram\FriendsGram.Android\FriendsGram.Android.csproj", "{F0306A44-C542-47E3-9D6B-EDB98610C125}"
EndProject
Project("{FAE04EC0-301F-11D3-BF4B-00C04F79EFBC}") = "FriendsGram.iOS", "FriendsGram\FriendsGram.iOS\FriendsGram.iOS.csproj", "{9F3944F5-772F-4020-8852-BE42540336BE}"
EndProject
Project("{FAE04EC0-301F-11D3-BF4B-00C04F79EFBC}") = "FriendsGram.UWP", "FriendsGram\FriendsGram.UWP\FriendsGram.UWP.csproj", "{80988038-24E4-4ECC-AFAE-045A6A5C614F}"
EndProject
Project("{FAE04EC0-301F-11D3-BF4B-00C04F79EFBC}") = "FriendsGram", "FriendsGram\FriendsGram\FriendsGram.csproj", "{3DBC7CE7-9395-4406-AC10-5DB695FBE83B}"
EndProject
Global
	GlobalSection(SolutionConfigurationPlatforms) = preSolution
		Ad-Hoc|Any CPU = Ad-Hoc|Any CPU
		Ad-Hoc|ARM = Ad-Hoc|ARM
		Ad-Hoc|iPhone = Ad-Hoc|iPhone
		Ad-Hoc|iPhoneSimulator = Ad-Hoc|iPhoneSimulator
		Ad-Hoc|x64 = Ad-Hoc|x64
		Ad-Hoc|x86 = Ad-Hoc|x86
		AppStore|Any CPU = AppStore|Any CPU
		AppStore|ARM = AppStore|ARM
		AppStore|iPhone = AppStore|iPhone
		AppStore|iPhoneSimulator = AppStore|iPhoneSimulator
		AppStore|x64 = AppStore|x64
		AppStore|x86 = AppStore|x86
		Debug|Any CPU = Debug|Any CPU
		Debug|ARM = Debug|ARM
		Debug|iPhone = Debug|iPhone
		Debug|iPhoneSimulator = Debug|iPhoneSimulator
		Debug|x64 = Debug|x64
		Debug|x86 = Debug|x86
		Release|Any CPU = Release|Any CPU
		Release|ARM = Release|ARM
		Release|iPhone = Release|iPhone
		Release|iPhoneSimulator = Release|iPhoneSimulator
		Release|x64 = Release|x64
		Release|x86 = Release|x86
	EndGlobalSection
	GlobalSection(ProjectConfigurationPlatforms) = postSolution
		{F0306A44-C542-47E3-9D6B-EDB98610C125}.Ad-Hoc|Any CPU.ActiveCfg = Release|Any CPU
		{F0306A44-C542-47E3-9D6B-EDB98610C125}.Ad-Hoc|Any CPU.Build.0 = Release|Any CPU
		{F0306A44-C542-47E3-9D6B-EDB98610C125}.Ad-Hoc|Any CPU.Deploy.0 = Release|Any CPU
		{F0306A44-C542-47E3-9D6B-EDB98610C125}.Ad-Hoc|ARM.ActiveCfg = Release|Any CPU
		{F0306A44-C542-47E3-9D6B-EDB98610C125}.Ad-Hoc|ARM.Build.0 = Release|Any CPU
		{F0306A44-C542-47E3-9D6B-EDB98610C125}.Ad-Hoc|ARM.Deploy.0 = Release|Any CPU
		{F0306A44-C542-47E3-9D6B-EDB98610C125}.Ad-Hoc|iPhone.ActiveCfg = Release|Any CPU
		{F0306A44-C542-47E3-9D6B-EDB98610C125}.Ad-Hoc|iPhone.Build.0 = Release|Any CPU
		{F0306A44-C542-47E3-9D6B-EDB98610C125}.Ad-Hoc|iPhone.Deploy.0 = Release|Any CPU
		{F0306A44-C542-47E3-9D6B-EDB98610C125}.Ad-Hoc|iPhoneSimulator.ActiveCfg = Release|Any CPU
		{F0306A44-C542-47E3-9D6B-EDB98610C125}.Ad-Hoc|iPhoneSimulator.Build.0 = Release|Any CPU
		{F0306A44-C542-47E3-9D6B-EDB98610C125}.Ad-Hoc|iPhoneSimulator.Deploy.0 = Release|Any CPU
		{F0306A44-C542-47E3-9D6B-EDB98610C125}.Ad-Hoc|x64.ActiveCfg = Release|Any CPU
		{F0306A44-C542-47E3-9D6B-EDB98610C125}.Ad-Hoc|x64.Build.0 = Release|Any CPU
		{F0306A44-C542-47E3-9D6B-EDB98610C125}.Ad-Hoc|x64.Deploy.0 = Release|Any CPU
		{F0306A44-C542-47E3-9D6B-EDB98610C125}.Ad-Hoc|x86.ActiveCfg = Release|Any CPU
		{F0306A44-C542-47E3-9D6B-EDB98610C125}.Ad-Hoc|x86.Build.0 = Release|Any CPU
		{F0306A44-C542-47E3-9D6B-EDB98610C125}.Ad-Hoc|x86.Deploy.0 = Release|Any CPU
		{F0306A44-C542-47E3-9D6B-EDB98610C125}.AppStore|Any CPU.ActiveCfg = Release|Any CPU
		{F0306A44-C542-47E3-9D6B-EDB98610C125}.AppStore|Any CPU.Build.0 = Release|Any CPU
		{F0306A44-C542-47E3-9D6B-EDB98610C125}.AppStore|Any CPU.Deploy.0 = Release|Any CPU
		{F0306A44-C542-47E3-9D6B-EDB98610C125}.AppStore|ARM.ActiveCfg = Release|Any CPU
		{F0306A44-C542-47E3-9D6B-EDB98610C125}.AppStore|ARM.Build.0 = Release|Any CPU
		{F0306A44-C542-47E3-9D6B-EDB98610C125}.AppStore|ARM.Deploy.0 = Release|Any CPU
		{F0306A44-C542-47E3-9D6B-EDB98610C125}.AppStore|iPhone.ActiveCfg = Release|Any CPU
		{F0306A44-C542-47E3-9D6B-EDB98610C125}.AppStore|iPhone.Build.0 = Release|Any CPU
		{F0306A44-C542-47E3-9D6B-EDB98610C125}.AppStore|iPhone.Deploy.0 = Release|Any CPU
		{F0306A44-C542-47E3-9D6B-EDB98610C125}.AppStore|iPhoneSimulator.ActiveCfg = Release|Any CPU
		{F0306A44-C542-47E3-9D6B-EDB98610C125}.AppStore|iPhoneSimulator.Build.0 = Release|Any CPU
		{F0306A44-C542-47E3-9D6B-EDB98610C125}.AppStore|iPhoneSimulator.Deploy.0 = Release|Any CPU
		{F0306A44-C542-47E3-9D6B-EDB98610C125}.AppStore|x64.ActiveCfg = Release|Any CPU
		{F0306A44-C542-47E3-9D6B-EDB98610C125}.AppStore|x64.Build.0 = Release|Any CPU
		{F0306A44-C542-47E3-9D6B-EDB98610C125}.AppStore|x64.Deploy.0 = Release|Any CPU
		{F0306A44-C542-47E3-9D6B-EDB98610C125}.AppStore|x86.ActiveCfg = Release|Any CPU
		{F0306A44-C542-47E3-9D6B-EDB98610C125}.AppStore|x86.Build.0 = Release|Any CPU
		{F0306A44-C542-47E3-9D6B-EDB98610C125}.AppStore|x86.Deploy.0 = Release|Any CPU
		{F0306A44-C542-47E3-9D6B-EDB98610C125}.Debug|Any CPU.ActiveCfg = Debug|Any CPU
		{F0306A44-C542-47E3-9D6B-EDB98610C125}.Debug|Any CPU.Build.0 = Debug|Any CPU
		{F0306A44-C542-47E3-9D6B-EDB98610C125}.Debug|Any CPU.Deploy.0 = Debug|Any CPU
		{F0306A44-C542-47E3-9D6B-EDB98610C125}.Debug|ARM.ActiveCfg = Debug|Any CPU
		{F0306A44-C542-47E3-9D6B-EDB98610C125}.Debug|ARM.Build.0 = Debug|Any CPU
		{F0306A44-C542-47E3-9D6B-EDB98610C125}.Debug|ARM.Deploy.0 = Debug|Any CPU
		{F0306A44-C542-47E3-9D6B-EDB98610C125}.Debug|iPhone.ActiveCfg = Debug|Any CPU
		{F0306A44-C542-47E3-9D6B-EDB98610C125}.Debug|iPhone.Build.0 = Debug|Any CPU
		{F0306A44-C542-47E3-9D6B-EDB98610C125}.Debug|iPhone.Deploy.0 = Debug|Any CPU
		{F0306A44-C542-47E3-9D6B-EDB98610C125}.Debug|iPhoneSimulator.ActiveCfg = Debug|Any CPU
		{F0306A44-C542-47E3-9D6B-EDB98610C125}.Debug|iPhoneSimulator.Build.0 = Debug|Any CPU
		{F0306A44-C542-47E3-9D6B-EDB98610C125}.Debug|iPhoneSimulator.Deploy.0 = Debug|Any CPU
		{F0306A44-C542-47E3-9D6B-EDB98610C125}.Debug|x64.ActiveCfg = Debug|Any CPU
		{F0306A44-C542-47E3-9D6B-EDB98610C125}.Debug|x64.Build.0 = Debug|Any CPU
		{F0306A44-C542-47E3-9D6B-EDB98610C125}.Debug|x64.Deploy.0 = Debug|Any CPU
		{F0306A44-C542-47E3-9D6B-EDB98610C125}.Debug|x86.ActiveCfg = Debug|Any CPU
		{F0306A44-C542-47E3-9D6B-EDB98610C125}.Debug|x86.Build.0 = Debug|Any CPU
		{F0306A44-C542-47E3-9D6B-EDB98610C125}.Debug|x86.Deploy.0 = Debug|Any CPU
		{F0306A44-C542-47E3-9D6B-EDB98610C125}.Release|Any CPU.ActiveCfg = Release|Any CPU
		{F0306A44-C542-47E3-9D6B-EDB98610C125}.Release|Any CPU.Build.0 = Release|Any CPU
		{F0306A44-C542-47E3-9D6B-EDB98610C125}.Release|Any CPU.Deploy.0 = Release|Any CPU
		{F0306A44-C542-47E3-9D6B-EDB98610C125}.Release|ARM.ActiveCfg = Release|Any CPU
		{F0306A44-C542-47E3-9D6B-EDB98610C125}.Release|ARM.Build.0 = Release|Any CPU
		{F0306A44-C542-47E3-9D6B-EDB98610C125}.Release|ARM.Deploy.0 = Release|Any CPU
		{F0306A44-C542-47E3-9D6B-EDB98610C125}.Release|iPhone.ActiveCfg = Release|Any CPU
		{F0306A44-C542-47E3-9D6B-EDB98610C125}.Release|iPhone.Build.0 = Release|Any CPU
		{F0306A44-C542-47E3-9D6B-EDB98610C125}.Release|iPhone.Deploy.0 = Release|Any CPU
		{F0306A44-C542-47E3-9D6B-EDB98610C125}.Release|iPhoneSimulator.ActiveCfg = Release|Any CPU
		{F0306A44-C542-47E3-9D6B-EDB98610C125}.Release|iPhoneSimulator.Build.0 = Release|Any CPU
		{F0306A44-C542-47E3-9D6B-EDB98610C125}.Release|iPhoneSimulator.Deploy.0 = Release|Any CPU
		{F0306A44-C542-47E3-9D6B-EDB98610C125}.Release|x64.ActiveCfg = Release|Any CPU
		{F0306A44-C542-47E3-9D6B-EDB98610C125}.Release|x64.Build.0 = Release|Any CPU
		{F0306A44-C542-47E3-9D6B-EDB98610C125}.Release|x64.Deploy.0 = Release|Any CPU
		{F0306A44-C542-47E3-9D6B-EDB98610C125}.Release|x86.ActiveCfg = Release|Any CPU
		{F0306A44-C542-47E3-9D6B-EDB98610C125}.Release|x86.Build.0 = Release|Any CPU
		{F0306A44-C542-47E3-9D6B-EDB98610C125}.Release|x86.Deploy.0 = Release|Any CPU
		{9F3944F5-772F-4020-8852-BE42540336BE}.Ad-Hoc|Any CPU.ActiveCfg = Ad-Hoc|iPhone
		{9F3944F5-772F-4020-8852-BE42540336BE}.Ad-Hoc|Any CPU.Build.0 = Ad-Hoc|iPhone
		{9F3944F5-772F-4020-8852-BE42540336BE}.Ad-Hoc|Any CPU.Deploy.0 = Ad-Hoc|iPhone
		{9F3944F5-772F-4020-8852-BE42540336BE}.Ad-Hoc|ARM.ActiveCfg = Ad-Hoc|iPhone
		{9F3944F5-772F-4020-8852-BE42540336BE}.Ad-Hoc|ARM.Build.0 = Ad-Hoc|iPhone
		{9F3944F5-772F-4020-8852-BE42540336BE}.Ad-Hoc|ARM.Deploy.0 = Ad-Hoc|iPhone
		{9F3944F5-772F-4020-8852-BE42540336BE}.Ad-Hoc|iPhone.ActiveCfg = Ad-Hoc|iPhone
		{9F3944F5-772F-4020-8852-BE42540336BE}.Ad-Hoc|iPhone.Build.0 = Ad-Hoc|iPhone
		{9F3944F5-772F-4020-8852-BE42540336BE}.Ad-Hoc|iPhone.Deploy.0 = Ad-Hoc|iPhone
		{9F3944F5-772F-4020-8852-BE42540336BE}.Ad-Hoc|iPhoneSimulator.ActiveCfg = Ad-Hoc|iPhoneSimulator
		{9F3944F5-772F-4020-8852-BE42540336BE}.Ad-Hoc|iPhoneSimulator.Build.0 = Ad-Hoc|iPhoneSimulator
		{9F3944F5-772F-4020-8852-BE42540336BE}.Ad-Hoc|iPhoneSimulator.Deploy.0 = Ad-Hoc|iPhoneSimulator
		{9F3944F5-772F-4020-8852-BE42540336BE}.Ad-Hoc|x64.ActiveCfg = Ad-Hoc|iPhone
		{9F3944F5-772F-4020-8852-BE42540336BE}.Ad-Hoc|x64.Build.0 = Ad-Hoc|iPhone
		{9F3944F5-772F-4020-8852-BE42540336BE}.Ad-Hoc|x64.Deploy.0 = Ad-Hoc|iPhone
		{9F3944F5-772F-4020-8852-BE42540336BE}.Ad-Hoc|x86.ActiveCfg = Ad-Hoc|iPhone
		{9F3944F5-772F-4020-8852-BE42540336BE}.Ad-Hoc|x86.Build.0 = Ad-Hoc|iPhone
		{9F3944F5-772F-4020-8852-BE42540336BE}.Ad-Hoc|x86.Deploy.0 = Ad-Hoc|iPhone
		{9F3944F5-772F-4020-8852-BE42540336BE}.AppStore|Any CPU.ActiveCfg = AppStore|iPhone
		{9F3944F5-772F-4020-8852-BE42540336BE}.AppStore|Any CPU.Build.0 = AppStore|iPhone
		{9F3944F5-772F-4020-8852-BE42540336BE}.AppStore|Any CPU.Deploy.0 = AppStore|iPhone
		{9F3944F5-772F-4020-8852-BE42540336BE}.AppStore|ARM.ActiveCfg = AppStore|iPhone
		{9F3944F5-772F-4020-8852-BE42540336BE}.AppStore|ARM.Build.0 = AppStore|iPhone
		{9F3944F5-772F-4020-8852-BE42540336BE}.AppStore|ARM.Deploy.0 = AppStore|iPhone
		{9F3944F5-772F-4020-8852-BE42540336BE}.AppStore|iPhone.ActiveCfg = AppStore|iPhone
		{9F3944F5-772F-4020-8852-BE42540336BE}.AppStore|iPhone.Build.0 = AppStore|iPhone
		{9F3944F5-772F-4020-8852-BE42540336BE}.AppStore|iPhone.Deploy.0 = AppStore|iPhone
		{9F3944F5-772F-4020-8852-BE42540336BE}.AppStore|iPhoneSimulator.ActiveCfg = AppStore|iPhoneSimulator
		{9F3944F5-772F-4020-8852-BE42540336BE}.AppStore|iPhoneSimulator.Build.0 = AppStore|iPhoneSimulator
		{9F3944F5-772F-4020-8852-BE42540336BE}.AppStore|iPhoneSimulator.Deploy.0 = AppStore|iPhoneSimulator
		{9F3944F5-772F-4020-8852-BE42540336BE}.AppStore|x64.ActiveCfg = AppStore|iPhone
		{9F3944F5-772F-4020-8852-BE42540336BE}.AppStore|x64.Build.0 = AppStore|iPhone
		{9F3944F5-772F-4020-8852-BE42540336BE}.AppStore|x64.Deploy.0 = AppStore|iPhone
		{9F3944F5-772F-4020-8852-BE42540336BE}.AppStore|x86.ActiveCfg = AppStore|iPhone
		{9F3944F5-772F-4020-8852-BE42540336BE}.AppStore|x86.Build.0 = AppStore|iPhone
		{9F3944F5-772F-4020-8852-BE42540336BE}.AppStore|x86.Deploy.0 = AppStore|iPhone
		{9F3944F5-772F-4020-8852-BE42540336BE}.Debug|Any CPU.ActiveCfg = Debug|iPhoneSimulator
		{9F3944F5-772F-4020-8852-BE42540336BE}.Debug|Any CPU.Build.0 = Debug|iPhoneSimulator
		{9F3944F5-772F-4020-8852-BE42540336BE}.Debug|Any CPU.Deploy.0 = Debug|iPhoneSimulator
		{9F3944F5-772F-4020-8852-BE42540336BE}.Debug|ARM.ActiveCfg = Debug|iPhone
		{9F3944F5-772F-4020-8852-BE42540336BE}.Debug|ARM.Build.0 = Debug|iPhone
		{9F3944F5-772F-4020-8852-BE42540336BE}.Debug|ARM.Deploy.0 = Debug|iPhone
		{9F3944F5-772F-4020-8852-BE42540336BE}.Debug|iPhone.ActiveCfg = Debug|iPhone
		{9F3944F5-772F-4020-8852-BE42540336BE}.Debug|iPhone.Build.0 = Debug|iPhone
		{9F3944F5-772F-4020-8852-BE42540336BE}.Debug|iPhone.Deploy.0 = Debug|iPhone
		{9F3944F5-772F-4020-8852-BE42540336BE}.Debug|iPhoneSimulator.ActiveCfg = Debug|iPhoneSimulator
		{9F3944F5-772F-4020-8852-BE42540336BE}.Debug|iPhoneSimulator.Build.0 = Debug|iPhoneSimulator
		{9F3944F5-772F-4020-8852-BE42540336BE}.Debug|iPhoneSimulator.Deploy.0 = Debug|iPhoneSimulator
		{9F3944F5-772F-4020-8852-BE42540336BE}.Debug|x64.ActiveCfg = Debug|iPhone
		{9F3944F5-772F-4020-8852-BE42540336BE}.Debug|x64.Build.0 = Debug|iPhone
		{9F3944F5-772F-4020-8852-BE42540336BE}.Debug|x64.Deploy.0 = Debug|iPhone
		{9F3944F5-772F-4020-8852-BE42540336BE}.Debug|x86.ActiveCfg = Debug|iPhone
		{9F3944F5-772F-4020-8852-BE42540336BE}.Debug|x86.Build.0 = Debug|iPhone
		{9F3944F5-772F-4020-8852-BE42540336BE}.Debug|x86.Deploy.0 = Debug|iPhone
		{9F3944F5-772F-4020-8852-BE42540336BE}.Release|Any CPU.ActiveCfg = Release|iPhone
		{9F3944F5-772F-4020-8852-BE42540336BE}.Release|Any CPU.Build.0 = Release|iPhone
		{9F3944F5-772F-4020-8852-BE42540336BE}.Release|Any CPU.Deploy.0 = Release|iPhone
		{9F3944F5-772F-4020-8852-BE42540336BE}.Release|ARM.ActiveCfg = Release|iPhone
		{9F3944F5-772F-4020-8852-BE42540336BE}.Release|ARM.Build.0 = Release|iPhone
		{9F3944F5-772F-4020-8852-BE42540336BE}.Release|ARM.Deploy.0 = Release|iPhone
		{9F3944F5-772F-4020-8852-BE42540336BE}.Release|iPhone.ActiveCfg = Release|iPhone
		{9F3944F5-772F-4020-8852-BE42540336BE}.Release|iPhone.Build.0 = Release|iPhone
		{9F3944F5-772F-4020-8852-BE42540336BE}.Release|iPhone.Deploy.0 = Release|iPhone
		{9F3944F5-772F-4020-8852-BE42540336BE}.Release|iPhoneSimulator.ActiveCfg = Release|iPhoneSimulator
		{9F3944F5-772F-4020-8852-BE42540336BE}.Release|iPhoneSimulator.Build.0 = Release|iPhoneSimulator
		{9F3944F5-772F-4020-8852-BE42540336BE}.Release|iPhoneSimulator.Deploy.0 = Release|iPhoneSimulator
		{9F3944F5-772F-4020-8852-BE42540336BE}.Release|x64.ActiveCfg = Release|iPhone
		{9F3944F5-772F-4020-8852-BE42540336BE}.Release|x64.Build.0 = Release|iPhone
		{9F3944F5-772F-4020-8852-BE42540336BE}.Release|x64.Deploy.0 = Release|iPhone
		{9F3944F5-772F-4020-8852-BE42540336BE}.Release|x86.ActiveCfg = Release|iPhone
		{9F3944F5-772F-4020-8852-BE42540336BE}.Release|x86.Build.0 = Release|iPhone
		{9F3944F5-772F-4020-8852-BE42540336BE}.Release|x86.Deploy.0 = Release|iPhone
		{80988038-24E4-4ECC-AFAE-045A6A5C614F}.Ad-Hoc|Any CPU.ActiveCfg = Release|x86
		{80988038-24E4-4ECC-AFAE-045A6A5C614F}.Ad-Hoc|Any CPU.Build.0 = Release|x86
		{80988038-24E4-4ECC-AFAE-045A6A5C614F}.Ad-Hoc|Any CPU.Deploy.0 = Release|x86
		{80988038-24E4-4ECC-AFAE-045A6A5C614F}.Ad-Hoc|ARM.ActiveCfg = Release|ARM
		{80988038-24E4-4ECC-AFAE-045A6A5C614F}.Ad-Hoc|ARM.Build.0 = Release|ARM
		{80988038-24E4-4ECC-AFAE-045A6A5C614F}.Ad-Hoc|ARM.Deploy.0 = Release|ARM
		{80988038-24E4-4ECC-AFAE-045A6A5C614F}.Ad-Hoc|iPhone.ActiveCfg = Release|x86
		{80988038-24E4-4ECC-AFAE-045A6A5C614F}.Ad-Hoc|iPhone.Build.0 = Release|x86
		{80988038-24E4-4ECC-AFAE-045A6A5C614F}.Ad-Hoc|iPhone.Deploy.0 = Release|x86
		{80988038-24E4-4ECC-AFAE-045A6A5C614F}.Ad-Hoc|iPhoneSimulator.ActiveCfg = Release|x86
		{80988038-24E4-4ECC-AFAE-045A6A5C614F}.Ad-Hoc|iPhoneSimulator.Build.0 = Release|x86
		{80988038-24E4-4ECC-AFAE-045A6A5C614F}.Ad-Hoc|iPhoneSimulator.Deploy.0 = Release|x86
		{80988038-24E4-4ECC-AFAE-045A6A5C614F}.Ad-Hoc|x64.ActiveCfg = Release|x64
		{80988038-24E4-4ECC-AFAE-045A6A5C614F}.Ad-Hoc|x64.Build.0 = Release|x64
		{80988038-24E4-4ECC-AFAE-045A6A5C614F}.Ad-Hoc|x64.Deploy.0 = Release|x64
		{80988038-24E4-4ECC-AFAE-045A6A5C614F}.Ad-Hoc|x86.ActiveCfg = Release|x86
		{80988038-24E4-4ECC-AFAE-045A6A5C614F}.Ad-Hoc|x86.Build.0 = Release|x86
		{80988038-24E4-4ECC-AFAE-045A6A5C614F}.Ad-Hoc|x86.Deploy.0 = Release|x86
		{80988038-24E4-4ECC-AFAE-045A6A5C614F}.AppStore|Any CPU.ActiveCfg = Release|x86
		{80988038-24E4-4ECC-AFAE-045A6A5C614F}.AppStore|Any CPU.Build.0 = Release|x86
		{80988038-24E4-4ECC-AFAE-045A6A5C614F}.AppStore|Any CPU.Deploy.0 = Release|x86
		{80988038-24E4-4ECC-AFAE-045A6A5C614F}.AppStore|ARM.ActiveCfg = Release|ARM
		{80988038-24E4-4ECC-AFAE-045A6A5C614F}.AppStore|ARM.Build.0 = Release|ARM
		{80988038-24E4-4ECC-AFAE-045A6A5C614F}.AppStore|ARM.Deploy.0 = Release|ARM
		{80988038-24E4-4ECC-AFAE-045A6A5C614F}.AppStore|iPhone.ActiveCfg = Release|x86
		{80988038-24E4-4ECC-AFAE-045A6A5C614F}.AppStore|iPhone.Build.0 = Release|x86
		{80988038-24E4-4ECC-AFAE-045A6A5C614F}.AppStore|iPhone.Deploy.0 = Release|x86
		{80988038-24E4-4ECC-AFAE-045A6A5C614F}.AppStore|iPhoneSimulator.ActiveCfg = Release|x86
		{80988038-24E4-4ECC-AFAE-045A6A5C614F}.AppStore|iPhoneSimulator.Build.0 = Release|x86
		{80988038-24E4-4ECC-AFAE-045A6A5C614F}.AppStore|iPhoneSimulator.Deploy.0 = Release|x86
		{80988038-24E4-4ECC-AFAE-045A6A5C614F}.AppStore|x64.ActiveCfg = Release|x64
		{80988038-24E4-4ECC-AFAE-045A6A5C614F}.AppStore|x64.Build.0 = Release|x64
		{80988038-24E4-4ECC-AFAE-045A6A5C614F}.AppStore|x64.Deploy.0 = Release|x64
		{80988038-24E4-4ECC-AFAE-045A6A5C614F}.AppStore|x86.ActiveCfg = Release|x86
		{80988038-24E4-4ECC-AFAE-045A6A5C614F}.AppStore|x86.Build.0 = Release|x86
		{80988038-24E4-4ECC-AFAE-045A6A5C614F}.AppStore|x86.Deploy.0 = Release|x86
		{80988038-24E4-4ECC-AFAE-045A6A5C614F}.Debug|Any CPU.ActiveCfg = Debug|x86
		{80988038-24E4-4ECC-AFAE-045A6A5C614F}.Debug|Any CPU.Build.0 = Debug|x86
		{80988038-24E4-4ECC-AFAE-045A6A5C614F}.Debug|Any CPU.Deploy.0 = Debug|x86
		{80988038-24E4-4ECC-AFAE-045A6A5C614F}.Debug|ARM.ActiveCfg = Debug|ARM
		{80988038-24E4-4ECC-AFAE-045A6A5C614F}.Debug|ARM.Build.0 = Debug|ARM
		{80988038-24E4-4ECC-AFAE-045A6A5C614F}.Debug|ARM.Deploy.0 = Debug|ARM
		{80988038-24E4-4ECC-AFAE-045A6A5C614F}.Debug|iPhone.ActiveCfg = Debug|x86
		{80988038-24E4-4ECC-AFAE-045A6A5C614F}.Debug|iPhone.Build.0 = Debug|x86
		{80988038-24E4-4ECC-AFAE-045A6A5C614F}.Debug|iPhone.Deploy.0 = Debug|x86
		{80988038-24E4-4ECC-AFAE-045A6A5C614F}.Debug|iPhoneSimulator.ActiveCfg = Debug|x86
		{80988038-24E4-4ECC-AFAE-045A6A5C614F}.Debug|iPhoneSimulator.Build.0 = Debug|x86
		{80988038-24E4-4ECC-AFAE-045A6A5C614F}.Debug|iPhoneSimulator.Deploy.0 = Debug|x86
		{80988038-24E4-4ECC-AFAE-045A6A5C614F}.Debug|x64.ActiveCfg = Debug|x64
		{80988038-24E4-4ECC-AFAE-045A6A5C614F}.Debug|x64.Build.0 = Debug|x64
		{80988038-24E4-4ECC-AFAE-045A6A5C614F}.Debug|x64.Deploy.0 = Debug|x64
		{80988038-24E4-4ECC-AFAE-045A6A5C614F}.Debug|x86.ActiveCfg = Debug|x86
		{80988038-24E4-4ECC-AFAE-045A6A5C614F}.Debug|x86.Build.0 = Debug|x86
		{80988038-24E4-4ECC-AFAE-045A6A5C614F}.Debug|x86.Deploy.0 = Debug|x86
		{80988038-24E4-4ECC-AFAE-045A6A5C614F}.Release|Any CPU.ActiveCfg = Release|x86
		{80988038-24E4-4ECC-AFAE-045A6A5C614F}.Release|Any CPU.Build.0 = Release|x86
		{80988038-24E4-4ECC-AFAE-045A6A5C614F}.Release|Any CPU.Deploy.0 = Release|x86
		{80988038-24E4-4ECC-AFAE-045A6A5C614F}.Release|ARM.ActiveCfg = Release|ARM
		{80988038-24E4-4ECC-AFAE-045A6A5C614F}.Release|ARM.Build.0 = Release|ARM
		{80988038-24E4-4ECC-AFAE-045A6A5C614F}.Release|ARM.Deploy.0 = Release|ARM
		{80988038-24E4-4ECC-AFAE-045A6A5C614F}.Release|iPhone.ActiveCfg = Release|x86
		{80988038-24E4-4ECC-AFAE-045A6A5C614F}.Release|iPhone.Build.0 = Release|x86
		{80988038-24E4-4ECC-AFAE-045A6A5C614F}.Release|iPhone.Deploy.0 = Release|x86
		{80988038-24E4-4ECC-AFAE-045A6A5C614F}.Release|iPhoneSimulator.ActiveCfg = Release|x86
		{80988038-24E4-4ECC-AFAE-045A6A5C614F}.Release|iPhoneSimulator.Build.0 = Release|x86
		{80988038-24E4-4ECC-AFAE-045A6A5C614F}.Release|iPhoneSimulator.Deploy.0 = Release|x86
		{80988038-24E4-4ECC-AFAE-045A6A5C614F}.Release|x64.ActiveCfg = Release|x64
		{80988038-24E4-4ECC-AFAE-045A6A5C614F}.Release|x64.Build.0 = Release|x64
		{80988038-24E4-4ECC-AFAE-045A6A5C614F}.Release|x64.Deploy.0 = Release|x64
		{80988038-24E4-4ECC-AFAE-045A6A5C614F}.Release|x86.ActiveCfg = Release|x86
		{80988038-24E4-4ECC-AFAE-045A6A5C614F}.Release|x86.Build.0 = Release|x86
		{80988038-24E4-4ECC-AFAE-045A6A5C614F}.Release|x86.Deploy.0 = Release|x86
		{3DBC7CE7-9395-4406-AC10-5DB695FBE83B}.Ad-Hoc|Any CPU.ActiveCfg = Debug|Any CPU
		{3DBC7CE7-9395-4406-AC10-5DB695FBE83B}.Ad-Hoc|Any CPU.Build.0 = Debug|Any CPU
		{3DBC7CE7-9395-4406-AC10-5DB695FBE83B}.Ad-Hoc|Any CPU.Deploy.0 = Debug|Any CPU
		{3DBC7CE7-9395-4406-AC10-5DB695FBE83B}.Ad-Hoc|ARM.ActiveCfg = Debug|Any CPU
		{3DBC7CE7-9395-4406-AC10-5DB695FBE83B}.Ad-Hoc|ARM.Build.0 = Debug|Any CPU
		{3DBC7CE7-9395-4406-AC10-5DB695FBE83B}.Ad-Hoc|ARM.Deploy.0 = Debug|Any CPU
		{3DBC7CE7-9395-4406-AC10-5DB695FBE83B}.Ad-Hoc|iPhone.ActiveCfg = Debug|Any CPU
		{3DBC7CE7-9395-4406-AC10-5DB695FBE83B}.Ad-Hoc|iPhone.Build.0 = Debug|Any CPU
		{3DBC7CE7-9395-4406-AC10-5DB695FBE83B}.Ad-Hoc|iPhone.Deploy.0 = Debug|Any CPU
		{3DBC7CE7-9395-4406-AC10-5DB695FBE83B}.Ad-Hoc|iPhoneSimulator.ActiveCfg = Debug|Any CPU
		{3DBC7CE7-9395-4406-AC10-5DB695FBE83B}.Ad-Hoc|iPhoneSimulator.Build.0 = Debug|Any CPU
		{3DBC7CE7-9395-4406-AC10-5DB695FBE83B}.Ad-Hoc|iPhoneSimulator.Deploy.0 = Debug|Any CPU
		{3DBC7CE7-9395-4406-AC10-5DB695FBE83B}.Ad-Hoc|x64.ActiveCfg = Debug|Any CPU
		{3DBC7CE7-9395-4406-AC10-5DB695FBE83B}.Ad-Hoc|x64.Build.0 = Debug|Any CPU
		{3DBC7CE7-9395-4406-AC10-5DB695FBE83B}.Ad-Hoc|x64.Deploy.0 = Debug|Any CPU
		{3DBC7CE7-9395-4406-AC10-5DB695FBE83B}.Ad-Hoc|x86.ActiveCfg = Debug|Any CPU
		{3DBC7CE7-9395-4406-AC10-5DB695FBE83B}.Ad-Hoc|x86.Build.0 = Debug|Any CPU
		{3DBC7CE7-9395-4406-AC10-5DB695FBE83B}.Ad-Hoc|x86.Deploy.0 = Debug|Any CPU
		{3DBC7CE7-9395-4406-AC10-5DB695FBE83B}.AppStore|Any CPU.ActiveCfg = Debug|Any CPU
		{3DBC7CE7-9395-4406-AC10-5DB695FBE83B}.AppStore|Any CPU.Build.0 = Debug|Any CPU
		{3DBC7CE7-9395-4406-AC10-5DB695FBE83B}.AppStore|Any CPU.Deploy.0 = Debug|Any CPU
		{3DBC7CE7-9395-4406-AC10-5DB695FBE83B}.AppStore|ARM.ActiveCfg = Debug|Any CPU
		{3DBC7CE7-9395-4406-AC10-5DB695FBE83B}.AppStore|ARM.Build.0 = Debug|Any CPU
		{3DBC7CE7-9395-4406-AC10-5DB695FBE83B}.AppStore|ARM.Deploy.0 = Debug|Any CPU
		{3DBC7CE7-9395-4406-AC10-5DB695FBE83B}.AppStore|iPhone.ActiveCfg = Debug|Any CPU
		{3DBC7CE7-9395-4406-AC10-5DB695FBE83B}.AppStore|iPhone.Build.0 = Debug|Any CPU
		{3DBC7CE7-9395-4406-AC10-5DB695FBE83B}.AppStore|iPhone.Deploy.0 = Debug|Any CPU
		{3DBC7CE7-9395-4406-AC10-5DB695FBE83B}.AppStore|iPhoneSimulator.ActiveCfg = Debug|Any CPU
		{3DBC7CE7-9395-4406-AC10-5DB695FBE83B}.AppStore|iPhoneSimulator.Build.0 = Debug|Any CPU
		{3DBC7CE7-9395-4406-AC10-5DB695FBE83B}.AppStore|iPhoneSimulator.Deploy.0 = Debug|Any CPU
		{3DBC7CE7-9395-4406-AC10-5DB695FBE83B}.AppStore|x64.ActiveCfg = Debug|Any CPU
		{3DBC7CE7-9395-4406-AC10-5DB695FBE83B}.AppStore|x64.Build.0 = Debug|Any CPU
		{3DBC7CE7-9395-4406-AC10-5DB695FBE83B}.AppStore|x64.Deploy.0 = Debug|Any CPU
		{3DBC7CE7-9395-4406-AC10-5DB695FBE83B}.AppStore|x86.ActiveCfg = Debug|Any CPU
		{3DBC7CE7-9395-4406-AC10-5DB695FBE83B}.AppStore|x86.Build.0 = Debug|Any CPU
		{3DBC7CE7-9395-4406-AC10-5DB695FBE83B}.AppStore|x86.Deploy.0 = Debug|Any CPU
		{3DBC7CE7-9395-4406-AC10-5DB695FBE83B}.Debug|Any CPU.ActiveCfg = Debug|Any CPU
		{3DBC7CE7-9395-4406-AC10-5DB695FBE83B}.Debug|Any CPU.Build.0 = Debug|Any CPU
		{3DBC7CE7-9395-4406-AC10-5DB695FBE83B}.Debug|Any CPU.Deploy.0 = Debug|Any CPU
		{3DBC7CE7-9395-4406-AC10-5DB695FBE83B}.Debug|ARM.ActiveCfg = Debug|Any CPU
		{3DBC7CE7-9395-4406-AC10-5DB695FBE83B}.Debug|ARM.Build.0 = Debug|Any CPU
		{3DBC7CE7-9395-4406-AC10-5DB695FBE83B}.Debug|ARM.Deploy.0 = Debug|Any CPU
		{3DBC7CE7-9395-4406-AC10-5DB695FBE83B}.Debug|iPhone.ActiveCfg = Debug|Any CPU
		{3DBC7CE7-9395-4406-AC10-5DB695FBE83B}.Debug|iPhone.Build.0 = Debug|Any CPU
		{3DBC7CE7-9395-4406-AC10-5DB695FBE83B}.Debug|iPhone.Deploy.0 = Debug|Any CPU
		{3DBC7CE7-9395-4406-AC10-5DB695FBE83B}.Debug|iPhoneSimulator.ActiveCfg = Debug|Any CPU
		{3DBC7CE7-9395-4406-AC10-5DB695FBE83B}.Debug|iPhoneSimulator.Build.0 = Debug|Any CPU
		{3DBC7CE7-9395-4406-AC10-5DB695FBE83B}.Debug|iPhoneSimulator.Deploy.0 = Debug|Any CPU
		{3DBC7CE7-9395-4406-AC10-5DB695FBE83B}.Debug|x64.ActiveCfg = Debug|Any CPU
		{3DBC7CE7-9395-4406-AC10-5DB695FBE83B}.Debug|x64.Build.0 = Debug|Any CPU
		{3DBC7CE7-9395-4406-AC10-5DB695FBE83B}.Debug|x64.Deploy.0 = Debug|Any CPU
		{3DBC7CE7-9395-4406-AC10-5DB695FBE83B}.Debug|x86.ActiveCfg = Debug|Any CPU
		{3DBC7CE7-9395-4406-AC10-5DB695FBE83B}.Debug|x86.Build.0 = Debug|Any CPU
		{3DBC7CE7-9395-4406-AC10-5DB695FBE83B}.Debug|x86.Deploy.0 = Debug|Any CPU
		{3DBC7CE7-9395-4406-AC10-5DB695FBE83B}.Release|Any CPU.ActiveCfg = Release|Any CPU
		{3DBC7CE7-9395-4406-AC10-5DB695FBE83B}.Release|Any CPU.Build.0 = Release|Any CPU
		{3DBC7CE7-9395-4406-AC10-5DB695FBE83B}.Release|Any CPU.Deploy.0 = Release|Any CPU
		{3DBC7CE7-9395-4406-AC10-5DB695FBE83B}.Release|ARM.ActiveCfg = Release|Any CPU
		{3DBC7CE7-9395-4406-AC10-5DB695FBE83B}.Release|ARM.Build.0 = Release|Any CPU
		{3DBC7CE7-9395-4406-AC10-5DB695FBE83B}.Release|ARM.Deploy.0 = Release|Any CPU
		{3DBC7CE7-9395-4406-AC10-5DB695FBE83B}.Release|iPhone.ActiveCfg = Release|Any CPU
		{3DBC7CE7-9395-4406-AC10-5DB695FBE83B}.Release|iPhone.Build.0 = Release|Any CPU
		{3DBC7CE7-9395-4406-AC10-5DB695FBE83B}.Release|iPhone.Deploy.0 = Release|Any CPU
		{3DBC7CE7-9395-4406-AC10-5DB695FBE83B}.Release|iPhoneSimulator.ActiveCfg = Release|Any CPU
		{3DBC7CE7-9395-4406-AC10-5DB695FBE83B}.Release|iPhoneSimulator.Build.0 = Release|Any CPU
		{3DBC7CE7-9395-4406-AC10-5DB695FBE83B}.Release|iPhoneSimulator.Deploy.0 = Release|Any CPU
		{3DBC7CE7-9395-4406-AC10-5DB695FBE83B}.Release|x64.ActiveCfg = Release|Any CPU
		{3DBC7CE7-9395-4406-AC10-5DB695FBE83B}.Release|x64.Build.0 = Release|Any CPU
		{3DBC7CE7-9395-4406-AC10-5DB695FBE83B}.Release|x64.Deploy.0 = Release|Any CPU
		{3DBC7CE7-9395-4406-AC10-5DB695FBE83B}.Release|x86.ActiveCfg = Release|Any CPU
		{3DBC7CE7-9395-4406-AC10-5DB695FBE83B}.Release|x86.Build.0 = Release|Any CPU
		{3DBC7CE7-9395-4406-AC10-5DB695FBE83B}.Release|x86.Deploy.0 = Release|Any CPU
	EndGlobalSection
	GlobalSection(SolutionProperties) = preSolution
		HideSolutionNode = FALSE
	EndGlobalSection
	GlobalSection(ExtensibilityGlobals) = postSolution
		SolutionGuid = {60B4D146-9F21-4AB6-8FDE-72710FC647C8}
	EndGlobalSection
EndGlobal
