
Microsoft Visual Studio Solution File, Format Version 12.00
# Visual Studio 15
VisualStudioVersion = 15.0.28010.2048
MinimumVisualStudioVersion = 10.0.40219.1
Project("{FAE04EC0-301F-11D3-BF4B-00C04F79EFBC}") = "FriendGram.Android", "FriendGram\FriendGram.Android\FriendGram.Android.csproj", "{2D6E6986-DECE-47D1-BEB7-278ED56AD63F}"
EndProject
Project("{FAE04EC0-301F-11D3-BF4B-00C04F79EFBC}") = "FriendGram.iOS", "FriendGram\FriendGram.iOS\FriendGram.iOS.csproj", "{0BB88E6F-4FD4-4A6B-91FA-FB48415C5248}"
EndProject
Project("{FAE04EC0-301F-11D3-BF4B-00C04F79EFBC}") = "FriendGram", "FriendGram\FriendGram\FriendGram.csproj", "{1D3B7D1B-194D-46CB-A318-926A0435FFDE}"
EndProject
Global
	GlobalSection(SolutionConfigurationPlatforms) = preSolution
		Ad-Hoc|Any CPU = Ad-Hoc|Any CPU
		Ad-Hoc|iPhone = Ad-Hoc|iPhone
		Ad-Hoc|iPhoneSimulator = Ad-Hoc|iPhoneSimulator
		AppStore|Any CPU = AppStore|Any CPU
		AppStore|iPhone = AppStore|iPhone
		AppStore|iPhoneSimulator = AppStore|iPhoneSimulator
		Debug|Any CPU = Debug|Any CPU
		Debug|iPhone = Debug|iPhone
		Debug|iPhoneSimulator = Debug|iPhoneSimulator
		Release|Any CPU = Release|Any CPU
		Release|iPhone = Release|iPhone
		Release|iPhoneSimulator = Release|iPhoneSimulator
	EndGlobalSection
	GlobalSection(ProjectConfigurationPlatforms) = postSolution
		{2D6E6986-DECE-47D1-BEB7-278ED56AD63F}.Ad-Hoc|Any CPU.ActiveCfg = Release|Any CPU
		{2D6E6986-DECE-47D1-BEB7-278ED56AD63F}.Ad-Hoc|Any CPU.Build.0 = Release|Any CPU
		{2D6E6986-DECE-47D1-BEB7-278ED56AD63F}.Ad-Hoc|Any CPU.Deploy.0 = Release|Any CPU
		{2D6E6986-DECE-47D1-BEB7-278ED56AD63F}.Ad-Hoc|iPhone.ActiveCfg = Release|Any CPU
		{2D6E6986-DECE-47D1-BEB7-278ED56AD63F}.Ad-Hoc|iPhone.Build.0 = Release|Any CPU
		{2D6E6986-DECE-47D1-BEB7-278ED56AD63F}.Ad-Hoc|iPhone.Deploy.0 = Release|Any CPU
		{2D6E6986-DECE-47D1-BEB7-278ED56AD63F}.Ad-Hoc|iPhoneSimulator.ActiveCfg = Release|Any CPU
		{2D6E6986-DECE-47D1-BEB7-278ED56AD63F}.Ad-Hoc|iPhoneSimulator.Build.0 = Release|Any CPU
		{2D6E6986-DECE-47D1-BEB7-278ED56AD63F}.Ad-Hoc|iPhoneSimulator.Deploy.0 = Release|Any CPU
		{2D6E6986-DECE-47D1-BEB7-278ED56AD63F}.AppStore|Any CPU.ActiveCfg = Release|Any CPU
		{2D6E6986-DECE-47D1-BEB7-278ED56AD63F}.AppStore|Any CPU.Build.0 = Release|Any CPU
		{2D6E6986-DECE-47D1-BEB7-278ED56AD63F}.AppStore|Any CPU.Deploy.0 = Release|Any CPU
		{2D6E6986-DECE-47D1-BEB7-278ED56AD63F}.AppStore|iPhone.ActiveCfg = Release|Any CPU
		{2D6E6986-DECE-47D1-BEB7-278ED56AD63F}.AppStore|iPhone.Build.0 = Release|Any CPU
		{2D6E6986-DECE-47D1-BEB7-278ED56AD63F}.AppStore|iPhone.Deploy.0 = Release|Any CPU
		{2D6E6986-DECE-47D1-BEB7-278ED56AD63F}.AppStore|iPhoneSimulator.ActiveCfg = Release|Any CPU
		{2D6E6986-DECE-47D1-BEB7-278ED56AD63F}.AppStore|iPhoneSimulator.Build.0 = Release|Any CPU
		{2D6E6986-DECE-47D1-BEB7-278ED56AD63F}.AppStore|iPhoneSimulator.Deploy.0 = Release|Any CPU
		{2D6E6986-DECE-47D1-BEB7-278ED56AD63F}.Debug|Any CPU.ActiveCfg = Debug|Any CPU
		{2D6E6986-DECE-47D1-BEB7-278ED56AD63F}.Debug|Any CPU.Build.0 = Debug|Any CPU
		{2D6E6986-DECE-47D1-BEB7-278ED56AD63F}.Debug|Any CPU.Deploy.0 = Debug|Any CPU
		{2D6E6986-DECE-47D1-BEB7-278ED56AD63F}.Debug|iPhone.ActiveCfg = Debug|Any CPU
		{2D6E6986-DECE-47D1-BEB7-278ED56AD63F}.Debug|iPhone.Build.0 = Debug|Any CPU
		{2D6E6986-DECE-47D1-BEB7-278ED56AD63F}.Debug|iPhone.Deploy.0 = Debug|Any CPU
		{2D6E6986-DECE-47D1-BEB7-278ED56AD63F}.Debug|iPhoneSimulator.ActiveCfg = Debug|Any CPU
		{2D6E6986-DECE-47D1-BEB7-278ED56AD63F}.Debug|iPhoneSimulator.Build.0 = Debug|Any CPU
		{2D6E6986-DECE-47D1-BEB7-278ED56AD63F}.Debug|iPhoneSimulator.Deploy.0 = Debug|Any CPU
		{2D6E6986-DECE-47D1-BEB7-278ED56AD63F}.Release|Any CPU.ActiveCfg = Release|Any CPU
		{2D6E6986-DECE-47D1-BEB7-278ED56AD63F}.Release|Any CPU.Build.0 = Release|Any CPU
		{2D6E6986-DECE-47D1-BEB7-278ED56AD63F}.Release|Any CPU.Deploy.0 = Release|Any CPU
		{2D6E6986-DECE-47D1-BEB7-278ED56AD63F}.Release|iPhone.ActiveCfg = Release|Any CPU
		{2D6E6986-DECE-47D1-BEB7-278ED56AD63F}.Release|iPhone.Build.0 = Release|Any CPU
		{2D6E6986-DECE-47D1-BEB7-278ED56AD63F}.Release|iPhone.Deploy.0 = Release|Any CPU
		{2D6E6986-DECE-47D1-BEB7-278ED56AD63F}.Release|iPhoneSimulator.ActiveCfg = Release|Any CPU
		{2D6E6986-DECE-47D1-BEB7-278ED56AD63F}.Release|iPhoneSimulator.Build.0 = Release|Any CPU
		{2D6E6986-DECE-47D1-BEB7-278ED56AD63F}.Release|iPhoneSimulator.Deploy.0 = Release|Any CPU
		{0BB88E6F-4FD4-4A6B-91FA-FB48415C5248}.Ad-Hoc|Any CPU.ActiveCfg = Ad-Hoc|iPhone
		{0BB88E6F-4FD4-4A6B-91FA-FB48415C5248}.Ad-Hoc|Any CPU.Build.0 = Ad-Hoc|iPhone
		{0BB88E6F-4FD4-4A6B-91FA-FB48415C5248}.Ad-Hoc|Any CPU.Deploy.0 = Ad-Hoc|iPhone
		{0BB88E6F-4FD4-4A6B-91FA-FB48415C5248}.Ad-Hoc|iPhone.ActiveCfg = Ad-Hoc|iPhone
		{0BB88E6F-4FD4-4A6B-91FA-FB48415C5248}.Ad-Hoc|iPhone.Build.0 = Ad-Hoc|iPhone
		{0BB88E6F-4FD4-4A6B-91FA-FB48415C5248}.Ad-Hoc|iPhone.Deploy.0 = Ad-Hoc|iPhone
		{0BB88E6F-4FD4-4A6B-91FA-FB48415C5248}.Ad-Hoc|iPhoneSimulator.ActiveCfg = Ad-Hoc|iPhoneSimulator
		{0BB88E6F-4FD4-4A6B-91FA-FB48415C5248}.Ad-Hoc|iPhoneSimulator.Build.0 = Ad-Hoc|iPhoneSimulator
		{0BB88E6F-4FD4-4A6B-91FA-FB48415C5248}.Ad-Hoc|iPhoneSimulator.Deploy.0 = Ad-Hoc|iPhoneSimulator
		{0BB88E6F-4FD4-4A6B-91FA-FB48415C5248}.AppStore|Any CPU.ActiveCfg = AppStore|iPhone
		{0BB88E6F-4FD4-4A6B-91FA-FB48415C5248}.AppStore|Any CPU.Build.0 = AppStore|iPhone
		{0BB88E6F-4FD4-4A6B-91FA-FB48415C5248}.AppStore|Any CPU.Deploy.0 = AppStore|iPhone
		{0BB88E6F-4FD4-4A6B-91FA-FB48415C5248}.AppStore|iPhone.ActiveCfg = AppStore|iPhone
		{0BB88E6F-4FD4-4A6B-91FA-FB48415C5248}.AppStore|iPhone.Build.0 = AppStore|iPhone
		{0BB88E6F-4FD4-4A6B-91FA-FB48415C5248}.AppStore|iPhone.Deploy.0 = AppStore|iPhone
		{0BB88E6F-4FD4-4A6B-91FA-FB48415C5248}.AppStore|iPhoneSimulator.ActiveCfg = AppStore|iPhoneSimulator
		{0BB88E6F-4FD4-4A6B-91FA-FB48415C5248}.AppStore|iPhoneSimulator.Build.0 = AppStore|iPhoneSimulator
		{0BB88E6F-4FD4-4A6B-91FA-FB48415C5248}.AppStore|iPhoneSimulator.Deploy.0 = AppStore|iPhoneSimulator
		{0BB88E6F-4FD4-4A6B-91FA-FB48415C5248}.Debug|Any CPU.ActiveCfg = Debug|iPhoneSimulator
		{0BB88E6F-4FD4-4A6B-91FA-FB48415C5248}.Debug|Any CPU.Build.0 = Debug|iPhoneSimulator
		{0BB88E6F-4FD4-4A6B-91FA-FB48415C5248}.Debug|Any CPU.Deploy.0 = Debug|iPhoneSimulator
		{0BB88E6F-4FD4-4A6B-91FA-FB48415C5248}.Debug|iPhone.ActiveCfg = Debug|iPhone
		{0BB88E6F-4FD4-4A6B-91FA-FB48415C5248}.Debug|iPhone.Build.0 = Debug|iPhone
		{0BB88E6F-4FD4-4A6B-91FA-FB48415C5248}.Debug|iPhone.Deploy.0 = Debug|iPhone
		{0BB88E6F-4FD4-4A6B-91FA-FB48415C5248}.Debug|iPhoneSimulator.ActiveCfg = Debug|iPhoneSimulator
		{0BB88E6F-4FD4-4A6B-91FA-FB48415C5248}.Debug|iPhoneSimulator.Build.0 = Debug|iPhoneSimulator
		{0BB88E6F-4FD4-4A6B-91FA-FB48415C5248}.Debug|iPhoneSimulator.Deploy.0 = Debug|iPhoneSimulator
		{0BB88E6F-4FD4-4A6B-91FA-FB48415C5248}.Release|Any CPU.ActiveCfg = Release|iPhone
		{0BB88E6F-4FD4-4A6B-91FA-FB48415C5248}.Release|Any CPU.Build.0 = Release|iPhone
		{0BB88E6F-4FD4-4A6B-91FA-FB48415C5248}.Release|Any CPU.Deploy.0 = Release|iPhone
		{0BB88E6F-4FD4-4A6B-91FA-FB48415C5248}.Release|iPhone.ActiveCfg = Release|iPhone
		{0BB88E6F-4FD4-4A6B-91FA-FB48415C5248}.Release|iPhone.Build.0 = Release|iPhone
		{0BB88E6F-4FD4-4A6B-91FA-FB48415C5248}.Release|iPhone.Deploy.0 = Release|iPhone
		{0BB88E6F-4FD4-4A6B-91FA-FB48415C5248}.Release|iPhoneSimulator.ActiveCfg = Release|iPhoneSimulator
		{0BB88E6F-4FD4-4A6B-91FA-FB48415C5248}.Release|iPhoneSimulator.Build.0 = Release|iPhoneSimulator
		{0BB88E6F-4FD4-4A6B-91FA-FB48415C5248}.Release|iPhoneSimulator.Deploy.0 = Release|iPhoneSimulator
		{1D3B7D1B-194D-46CB-A318-926A0435FFDE}.Ad-Hoc|Any CPU.ActiveCfg = Debug|Any CPU
		{1D3B7D1B-194D-46CB-A318-926A0435FFDE}.Ad-Hoc|Any CPU.Build.0 = Debug|Any CPU
		{1D3B7D1B-194D-46CB-A318-926A0435FFDE}.Ad-Hoc|Any CPU.Deploy.0 = Debug|Any CPU
		{1D3B7D1B-194D-46CB-A318-926A0435FFDE}.Ad-Hoc|iPhone.ActiveCfg = Debug|Any CPU
		{1D3B7D1B-194D-46CB-A318-926A0435FFDE}.Ad-Hoc|iPhone.Build.0 = Debug|Any CPU
		{1D3B7D1B-194D-46CB-A318-926A0435FFDE}.Ad-Hoc|iPhone.Deploy.0 = Debug|Any CPU
		{1D3B7D1B-194D-46CB-A318-926A0435FFDE}.Ad-Hoc|iPhoneSimulator.ActiveCfg = Debug|Any CPU
		{1D3B7D1B-194D-46CB-A318-926A0435FFDE}.Ad-Hoc|iPhoneSimulator.Build.0 = Debug|Any CPU
		{1D3B7D1B-194D-46CB-A318-926A0435FFDE}.Ad-Hoc|iPhoneSimulator.Deploy.0 = Debug|Any CPU
		{1D3B7D1B-194D-46CB-A318-926A0435FFDE}.AppStore|Any CPU.ActiveCfg = Debug|Any CPU
		{1D3B7D1B-194D-46CB-A318-926A0435FFDE}.AppStore|Any CPU.Build.0 = Debug|Any CPU
		{1D3B7D1B-194D-46CB-A318-926A0435FFDE}.AppStore|Any CPU.Deploy.0 = Debug|Any CPU
		{1D3B7D1B-194D-46CB-A318-926A0435FFDE}.AppStore|iPhone.ActiveCfg = Debug|Any CPU
		{1D3B7D1B-194D-46CB-A318-926A0435FFDE}.AppStore|iPhone.Build.0 = Debug|Any CPU
		{1D3B7D1B-194D-46CB-A318-926A0435FFDE}.AppStore|iPhone.Deploy.0 = Debug|Any CPU
		{1D3B7D1B-194D-46CB-A318-926A0435FFDE}.AppStore|iPhoneSimulator.ActiveCfg = Debug|Any CPU
		{1D3B7D1B-194D-46CB-A318-926A0435FFDE}.AppStore|iPhoneSimulator.Build.0 = Debug|Any CPU
		{1D3B7D1B-194D-46CB-A318-926A0435FFDE}.AppStore|iPhoneSimulator.Deploy.0 = Debug|Any CPU
		{1D3B7D1B-194D-46CB-A318-926A0435FFDE}.Debug|Any CPU.ActiveCfg = Debug|Any CPU
		{1D3B7D1B-194D-46CB-A318-926A0435FFDE}.Debug|Any CPU.Build.0 = Debug|Any CPU
		{1D3B7D1B-194D-46CB-A318-926A0435FFDE}.Debug|Any CPU.Deploy.0 = Debug|Any CPU
		{1D3B7D1B-194D-46CB-A318-926A0435FFDE}.Debug|iPhone.ActiveCfg = Debug|Any CPU
		{1D3B7D1B-194D-46CB-A318-926A0435FFDE}.Debug|iPhone.Build.0 = Debug|Any CPU
		{1D3B7D1B-194D-46CB-A318-926A0435FFDE}.Debug|iPhone.Deploy.0 = Debug|Any CPU
		{1D3B7D1B-194D-46CB-A318-926A0435FFDE}.Debug|iPhoneSimulator.ActiveCfg = Debug|Any CPU
		{1D3B7D1B-194D-46CB-A318-926A0435FFDE}.Debug|iPhoneSimulator.Build.0 = Debug|Any CPU
		{1D3B7D1B-194D-46CB-A318-926A0435FFDE}.Debug|iPhoneSimulator.Deploy.0 = Debug|Any CPU
		{1D3B7D1B-194D-46CB-A318-926A0435FFDE}.Release|Any CPU.ActiveCfg = Release|Any CPU
		{1D3B7D1B-194D-46CB-A318-926A0435FFDE}.Release|Any CPU.Build.0 = Release|Any CPU
		{1D3B7D1B-194D-46CB-A318-926A0435FFDE}.Release|Any CPU.Deploy.0 = Release|Any CPU
		{1D3B7D1B-194D-46CB-A318-926A0435FFDE}.Release|iPhone.ActiveCfg = Release|Any CPU
		{1D3B7D1B-194D-46CB-A318-926A0435FFDE}.Release|iPhone.Build.0 = Release|Any CPU
		{1D3B7D1B-194D-46CB-A318-926A0435FFDE}.Release|iPhone.Deploy.0 = Release|Any CPU
		{1D3B7D1B-194D-46CB-A318-926A0435FFDE}.Release|iPhoneSimulator.ActiveCfg = Release|Any CPU
		{1D3B7D1B-194D-46CB-A318-926A0435FFDE}.Release|iPhoneSimulator.Build.0 = Release|Any CPU
		{1D3B7D1B-194D-46CB-A318-926A0435FFDE}.Release|iPhoneSimulator.Deploy.0 = Release|Any CPU
	EndGlobalSection
	GlobalSection(SolutionProperties) = preSolution
		HideSolutionNode = FALSE
	EndGlobalSection
	GlobalSection(ExtensibilityGlobals) = postSolution
		SolutionGuid = {77F97794-0E65-4D40-9241-D07B023F3E12}
	EndGlobalSection
EndGlobal
