
Microsoft Visual Studio Solution File, Format Version 12.00
# Visual Studio 15
VisualStudioVersion = 15.0.28010.2046
MinimumVisualStudioVersion = 10.0.40219.1
Project("{FAE04EC0-301F-11D3-BF4B-00C04F79EFBC}") = "App1.Android", "App1\App1.Android\App1.Android.csproj", "{2FE2AE4B-DBAC-43D8-BA35-FDAB92D6AEBB}"
EndProject
Project("{FAE04EC0-301F-11D3-BF4B-00C04F79EFBC}") = "App1.iOS", "App1\App1.iOS\App1.iOS.csproj", "{CEC9C2CA-F7B2-48A0-A89C-CCC77A4760DF}"
EndProject
Project("{FAE04EC0-301F-11D3-BF4B-00C04F79EFBC}") = "App1.UWP", "App1\App1.UWP\App1.UWP.csproj", "{344CCCD4-FE7D-457D-B621-20C5443ACD1E}"
EndProject
Project("{FAE04EC0-301F-11D3-BF4B-00C04F79EFBC}") = "App1", "App1\App1\App1.csproj", "{CBA10C8A-76A8-49B2-8ADE-84C42DEF9CAB}"
EndProject
Global
	GlobalSection(SolutionConfigurationPlatforms) = preSolution
		Ad-Hoc|Any CPU = Ad-Hoc|Any CPU
		Ad-Hoc|ARM = Ad-Hoc|ARM
		Ad-Hoc|iPhone = Ad-Hoc|iPhone
		Ad-Hoc|iPhoneSimulator = Ad-Hoc|iPhoneSimulator
		Ad-Hoc|x64 = Ad-Hoc|x64
		Ad-Hoc|x86 = Ad-Hoc|x86
		AppStore|Any CPU = AppStore|Any CPU
		AppStore|ARM = AppStore|ARM
		AppStore|iPhone = AppStore|iPhone
		AppStore|iPhoneSimulator = AppStore|iPhoneSimulator
		AppStore|x64 = AppStore|x64
		AppStore|x86 = AppStore|x86
		Debug|Any CPU = Debug|Any CPU
		Debug|ARM = Debug|ARM
		Debug|iPhone = Debug|iPhone
		Debug|iPhoneSimulator = Debug|iPhoneSimulator
		Debug|x64 = Debug|x64
		Debug|x86 = Debug|x86
		Release|Any CPU = Release|Any CPU
		Release|ARM = Release|ARM
		Release|iPhone = Release|iPhone
		Release|iPhoneSimulator = Release|iPhoneSimulator
		Release|x64 = Release|x64
		Release|x86 = Release|x86
	EndGlobalSection
	GlobalSection(ProjectConfigurationPlatforms) = postSolution
		{2FE2AE4B-DBAC-43D8-BA35-FDAB92D6AEBB}.Ad-Hoc|Any CPU.ActiveCfg = Release|Any CPU
		{2FE2AE4B-DBAC-43D8-BA35-FDAB92D6AEBB}.Ad-Hoc|Any CPU.Build.0 = Release|Any CPU
		{2FE2AE4B-DBAC-43D8-BA35-FDAB92D6AEBB}.Ad-Hoc|Any CPU.Deploy.0 = Release|Any CPU
		{2FE2AE4B-DBAC-43D8-BA35-FDAB92D6AEBB}.Ad-Hoc|ARM.ActiveCfg = Release|Any CPU
		{2FE2AE4B-DBAC-43D8-BA35-FDAB92D6AEBB}.Ad-Hoc|ARM.Build.0 = Release|Any CPU
		{2FE2AE4B-DBAC-43D8-BA35-FDAB92D6AEBB}.Ad-Hoc|ARM.Deploy.0 = Release|Any CPU
		{2FE2AE4B-DBAC-43D8-BA35-FDAB92D6AEBB}.Ad-Hoc|iPhone.ActiveCfg = Release|Any CPU
		{2FE2AE4B-DBAC-43D8-BA35-FDAB92D6AEBB}.Ad-Hoc|iPhone.Build.0 = Release|Any CPU
		{2FE2AE4B-DBAC-43D8-BA35-FDAB92D6AEBB}.Ad-Hoc|iPhone.Deploy.0 = Release|Any CPU
		{2FE2AE4B-DBAC-43D8-BA35-FDAB92D6AEBB}.Ad-Hoc|iPhoneSimulator.ActiveCfg = Release|Any CPU
		{2FE2AE4B-DBAC-43D8-BA35-FDAB92D6AEBB}.Ad-Hoc|iPhoneSimulator.Build.0 = Release|Any CPU
		{2FE2AE4B-DBAC-43D8-BA35-FDAB92D6AEBB}.Ad-Hoc|iPhoneSimulator.Deploy.0 = Release|Any CPU
		{2FE2AE4B-DBAC-43D8-BA35-FDAB92D6AEBB}.Ad-Hoc|x64.ActiveCfg = Release|Any CPU
		{2FE2AE4B-DBAC-43D8-BA35-FDAB92D6AEBB}.Ad-Hoc|x64.Build.0 = Release|Any CPU
		{2FE2AE4B-DBAC-43D8-BA35-FDAB92D6AEBB}.Ad-Hoc|x64.Deploy.0 = Release|Any CPU
		{2FE2AE4B-DBAC-43D8-BA35-FDAB92D6AEBB}.Ad-Hoc|x86.ActiveCfg = Release|Any CPU
		{2FE2AE4B-DBAC-43D8-BA35-FDAB92D6AEBB}.Ad-Hoc|x86.Build.0 = Release|Any CPU
		{2FE2AE4B-DBAC-43D8-BA35-FDAB92D6AEBB}.Ad-Hoc|x86.Deploy.0 = Release|Any CPU
		{2FE2AE4B-DBAC-43D8-BA35-FDAB92D6AEBB}.AppStore|Any CPU.ActiveCfg = Release|Any CPU
		{2FE2AE4B-DBAC-43D8-BA35-FDAB92D6AEBB}.AppStore|Any CPU.Build.0 = Release|Any CPU
		{2FE2AE4B-DBAC-43D8-BA35-FDAB92D6AEBB}.AppStore|Any CPU.Deploy.0 = Release|Any CPU
		{2FE2AE4B-DBAC-43D8-BA35-FDAB92D6AEBB}.AppStore|ARM.ActiveCfg = Release|Any CPU
		{2FE2AE4B-DBAC-43D8-BA35-FDAB92D6AEBB}.AppStore|ARM.Build.0 = Release|Any CPU
		{2FE2AE4B-DBAC-43D8-BA35-FDAB92D6AEBB}.AppStore|ARM.Deploy.0 = Release|Any CPU
		{2FE2AE4B-DBAC-43D8-BA35-FDAB92D6AEBB}.AppStore|iPhone.ActiveCfg = Release|Any CPU
		{2FE2AE4B-DBAC-43D8-BA35-FDAB92D6AEBB}.AppStore|iPhone.Build.0 = Release|Any CPU
		{2FE2AE4B-DBAC-43D8-BA35-FDAB92D6AEBB}.AppStore|iPhone.Deploy.0 = Release|Any CPU
		{2FE2AE4B-DBAC-43D8-BA35-FDAB92D6AEBB}.AppStore|iPhoneSimulator.ActiveCfg = Release|Any CPU
		{2FE2AE4B-DBAC-43D8-BA35-FDAB92D6AEBB}.AppStore|iPhoneSimulator.Build.0 = Release|Any CPU
		{2FE2AE4B-DBAC-43D8-BA35-FDAB92D6AEBB}.AppStore|iPhoneSimulator.Deploy.0 = Release|Any CPU
		{2FE2AE4B-DBAC-43D8-BA35-FDAB92D6AEBB}.AppStore|x64.ActiveCfg = Release|Any CPU
		{2FE2AE4B-DBAC-43D8-BA35-FDAB92D6AEBB}.AppStore|x64.Build.0 = Release|Any CPU
		{2FE2AE4B-DBAC-43D8-BA35-FDAB92D6AEBB}.AppStore|x64.Deploy.0 = Release|Any CPU
		{2FE2AE4B-DBAC-43D8-BA35-FDAB92D6AEBB}.AppStore|x86.ActiveCfg = Release|Any CPU
		{2FE2AE4B-DBAC-43D8-BA35-FDAB92D6AEBB}.AppStore|x86.Build.0 = Release|Any CPU
		{2FE2AE4B-DBAC-43D8-BA35-FDAB92D6AEBB}.AppStore|x86.Deploy.0 = Release|Any CPU
		{2FE2AE4B-DBAC-43D8-BA35-FDAB92D6AEBB}.Debug|Any CPU.ActiveCfg = Debug|Any CPU
		{2FE2AE4B-DBAC-43D8-BA35-FDAB92D6AEBB}.Debug|Any CPU.Build.0 = Debug|Any CPU
		{2FE2AE4B-DBAC-43D8-BA35-FDAB92D6AEBB}.Debug|Any CPU.Deploy.0 = Debug|Any CPU
		{2FE2AE4B-DBAC-43D8-BA35-FDAB92D6AEBB}.Debug|ARM.ActiveCfg = Debug|Any CPU
		{2FE2AE4B-DBAC-43D8-BA35-FDAB92D6AEBB}.Debug|ARM.Build.0 = Debug|Any CPU
		{2FE2AE4B-DBAC-43D8-BA35-FDAB92D6AEBB}.Debug|ARM.Deploy.0 = Debug|Any CPU
		{2FE2AE4B-DBAC-43D8-BA35-FDAB92D6AEBB}.Debug|iPhone.ActiveCfg = Debug|Any CPU
		{2FE2AE4B-DBAC-43D8-BA35-FDAB92D6AEBB}.Debug|iPhone.Build.0 = Debug|Any CPU
		{2FE2AE4B-DBAC-43D8-BA35-FDAB92D6AEBB}.Debug|iPhone.Deploy.0 = Debug|Any CPU
		{2FE2AE4B-DBAC-43D8-BA35-FDAB92D6AEBB}.Debug|iPhoneSimulator.ActiveCfg = Debug|Any CPU
		{2FE2AE4B-DBAC-43D8-BA35-FDAB92D6AEBB}.Debug|iPhoneSimulator.Build.0 = Debug|Any CPU
		{2FE2AE4B-DBAC-43D8-BA35-FDAB92D6AEBB}.Debug|iPhoneSimulator.Deploy.0 = Debug|Any CPU
		{2FE2AE4B-DBAC-43D8-BA35-FDAB92D6AEBB}.Debug|x64.ActiveCfg = Debug|Any CPU
		{2FE2AE4B-DBAC-43D8-BA35-FDAB92D6AEBB}.Debug|x64.Build.0 = Debug|Any CPU
		{2FE2AE4B-DBAC-43D8-BA35-FDAB92D6AEBB}.Debug|x64.Deploy.0 = Debug|Any CPU
		{2FE2AE4B-DBAC-43D8-BA35-FDAB92D6AEBB}.Debug|x86.ActiveCfg = Debug|Any CPU
		{2FE2AE4B-DBAC-43D8-BA35-FDAB92D6AEBB}.Debug|x86.Build.0 = Debug|Any CPU
		{2FE2AE4B-DBAC-43D8-BA35-FDAB92D6AEBB}.Debug|x86.Deploy.0 = Debug|Any CPU
		{2FE2AE4B-DBAC-43D8-BA35-FDAB92D6AEBB}.Release|Any CPU.ActiveCfg = Release|Any CPU
		{2FE2AE4B-DBAC-43D8-BA35-FDAB92D6AEBB}.Release|Any CPU.Build.0 = Release|Any CPU
		{2FE2AE4B-DBAC-43D8-BA35-FDAB92D6AEBB}.Release|Any CPU.Deploy.0 = Release|Any CPU
		{2FE2AE4B-DBAC-43D8-BA35-FDAB92D6AEBB}.Release|ARM.ActiveCfg = Release|Any CPU
		{2FE2AE4B-DBAC-43D8-BA35-FDAB92D6AEBB}.Release|ARM.Build.0 = Release|Any CPU
		{2FE2AE4B-DBAC-43D8-BA35-FDAB92D6AEBB}.Release|ARM.Deploy.0 = Release|Any CPU
		{2FE2AE4B-DBAC-43D8-BA35-FDAB92D6AEBB}.Release|iPhone.ActiveCfg = Release|Any CPU
		{2FE2AE4B-DBAC-43D8-BA35-FDAB92D6AEBB}.Release|iPhone.Build.0 = Release|Any CPU
		{2FE2AE4B-DBAC-43D8-BA35-FDAB92D6AEBB}.Release|iPhone.Deploy.0 = Release|Any CPU
		{2FE2AE4B-DBAC-43D8-BA35-FDAB92D6AEBB}.Release|iPhoneSimulator.ActiveCfg = Release|Any CPU
		{2FE2AE4B-DBAC-43D8-BA35-FDAB92D6AEBB}.Release|iPhoneSimulator.Build.0 = Release|Any CPU
		{2FE2AE4B-DBAC-43D8-BA35-FDAB92D6AEBB}.Release|iPhoneSimulator.Deploy.0 = Release|Any CPU
		{2FE2AE4B-DBAC-43D8-BA35-FDAB92D6AEBB}.Release|x64.ActiveCfg = Release|Any CPU
		{2FE2AE4B-DBAC-43D8-BA35-FDAB92D6AEBB}.Release|x64.Build.0 = Release|Any CPU
		{2FE2AE4B-DBAC-43D8-BA35-FDAB92D6AEBB}.Release|x64.Deploy.0 = Release|Any CPU
		{2FE2AE4B-DBAC-43D8-BA35-FDAB92D6AEBB}.Release|x86.ActiveCfg = Release|Any CPU
		{2FE2AE4B-DBAC-43D8-BA35-FDAB92D6AEBB}.Release|x86.Build.0 = Release|Any CPU
		{2FE2AE4B-DBAC-43D8-BA35-FDAB92D6AEBB}.Release|x86.Deploy.0 = Release|Any CPU
		{CEC9C2CA-F7B2-48A0-A89C-CCC77A4760DF}.Ad-Hoc|Any CPU.ActiveCfg = Ad-Hoc|iPhone
		{CEC9C2CA-F7B2-48A0-A89C-CCC77A4760DF}.Ad-Hoc|Any CPU.Build.0 = Ad-Hoc|iPhone
		{CEC9C2CA-F7B2-48A0-A89C-CCC77A4760DF}.Ad-Hoc|Any CPU.Deploy.0 = Ad-Hoc|iPhone
		{CEC9C2CA-F7B2-48A0-A89C-CCC77A4760DF}.Ad-Hoc|ARM.ActiveCfg = Ad-Hoc|iPhone
		{CEC9C2CA-F7B2-48A0-A89C-CCC77A4760DF}.Ad-Hoc|ARM.Build.0 = Ad-Hoc|iPhone
		{CEC9C2CA-F7B2-48A0-A89C-CCC77A4760DF}.Ad-Hoc|ARM.Deploy.0 = Ad-Hoc|iPhone
		{CEC9C2CA-F7B2-48A0-A89C-CCC77A4760DF}.Ad-Hoc|iPhone.ActiveCfg = Ad-Hoc|iPhone
		{CEC9C2CA-F7B2-48A0-A89C-CCC77A4760DF}.Ad-Hoc|iPhone.Build.0 = Ad-Hoc|iPhone
		{CEC9C2CA-F7B2-48A0-A89C-CCC77A4760DF}.Ad-Hoc|iPhone.Deploy.0 = Ad-Hoc|iPhone
		{CEC9C2CA-F7B2-48A0-A89C-CCC77A4760DF}.Ad-Hoc|iPhoneSimulator.ActiveCfg = Ad-Hoc|iPhoneSimulator
		{CEC9C2CA-F7B2-48A0-A89C-CCC77A4760DF}.Ad-Hoc|iPhoneSimulator.Build.0 = Ad-Hoc|iPhoneSimulator
		{CEC9C2CA-F7B2-48A0-A89C-CCC77A4760DF}.Ad-Hoc|iPhoneSimulator.Deploy.0 = Ad-Hoc|iPhoneSimulator
		{CEC9C2CA-F7B2-48A0-A89C-CCC77A4760DF}.Ad-Hoc|x64.ActiveCfg = Ad-Hoc|iPhone
		{CEC9C2CA-F7B2-48A0-A89C-CCC77A4760DF}.Ad-Hoc|x64.Build.0 = Ad-Hoc|iPhone
		{CEC9C2CA-F7B2-48A0-A89C-CCC77A4760DF}.Ad-Hoc|x64.Deploy.0 = Ad-Hoc|iPhone
		{CEC9C2CA-F7B2-48A0-A89C-CCC77A4760DF}.Ad-Hoc|x86.ActiveCfg = Ad-Hoc|iPhone
		{CEC9C2CA-F7B2-48A0-A89C-CCC77A4760DF}.Ad-Hoc|x86.Build.0 = Ad-Hoc|iPhone
		{CEC9C2CA-F7B2-48A0-A89C-CCC77A4760DF}.Ad-Hoc|x86.Deploy.0 = Ad-Hoc|iPhone
		{CEC9C2CA-F7B2-48A0-A89C-CCC77A4760DF}.AppStore|Any CPU.ActiveCfg = AppStore|iPhone
		{CEC9C2CA-F7B2-48A0-A89C-CCC77A4760DF}.AppStore|Any CPU.Build.0 = AppStore|iPhone
		{CEC9C2CA-F7B2-48A0-A89C-CCC77A4760DF}.AppStore|Any CPU.Deploy.0 = AppStore|iPhone
		{CEC9C2CA-F7B2-48A0-A89C-CCC77A4760DF}.AppStore|ARM.ActiveCfg = AppStore|iPhone
		{CEC9C2CA-F7B2-48A0-A89C-CCC77A4760DF}.AppStore|ARM.Build.0 = AppStore|iPhone
		{CEC9C2CA-F7B2-48A0-A89C-CCC77A4760DF}.AppStore|ARM.Deploy.0 = AppStore|iPhone
		{CEC9C2CA-F7B2-48A0-A89C-CCC77A4760DF}.AppStore|iPhone.ActiveCfg = AppStore|iPhone
		{CEC9C2CA-F7B2-48A0-A89C-CCC77A4760DF}.AppStore|iPhone.Build.0 = AppStore|iPhone
		{CEC9C2CA-F7B2-48A0-A89C-CCC77A4760DF}.AppStore|iPhone.Deploy.0 = AppStore|iPhone
		{CEC9C2CA-F7B2-48A0-A89C-CCC77A4760DF}.AppStore|iPhoneSimulator.ActiveCfg = AppStore|iPhoneSimulator
		{CEC9C2CA-F7B2-48A0-A89C-CCC77A4760DF}.AppStore|iPhoneSimulator.Build.0 = AppStore|iPhoneSimulator
		{CEC9C2CA-F7B2-48A0-A89C-CCC77A4760DF}.AppStore|iPhoneSimulator.Deploy.0 = AppStore|iPhoneSimulator
		{CEC9C2CA-F7B2-48A0-A89C-CCC77A4760DF}.AppStore|x64.ActiveCfg = AppStore|iPhone
		{CEC9C2CA-F7B2-48A0-A89C-CCC77A4760DF}.AppStore|x64.Build.0 = AppStore|iPhone
		{CEC9C2CA-F7B2-48A0-A89C-CCC77A4760DF}.AppStore|x64.Deploy.0 = AppStore|iPhone
		{CEC9C2CA-F7B2-48A0-A89C-CCC77A4760DF}.AppStore|x86.ActiveCfg = AppStore|iPhone
		{CEC9C2CA-F7B2-48A0-A89C-CCC77A4760DF}.AppStore|x86.Build.0 = AppStore|iPhone
		{CEC9C2CA-F7B2-48A0-A89C-CCC77A4760DF}.AppStore|x86.Deploy.0 = AppStore|iPhone
		{CEC9C2CA-F7B2-48A0-A89C-CCC77A4760DF}.Debug|Any CPU.ActiveCfg = Debug|iPhoneSimulator
		{CEC9C2CA-F7B2-48A0-A89C-CCC77A4760DF}.Debug|Any CPU.Build.0 = Debug|iPhoneSimulator
		{CEC9C2CA-F7B2-48A0-A89C-CCC77A4760DF}.Debug|Any CPU.Deploy.0 = Debug|iPhoneSimulator
		{CEC9C2CA-F7B2-48A0-A89C-CCC77A4760DF}.Debug|ARM.ActiveCfg = Debug|iPhone
		{CEC9C2CA-F7B2-48A0-A89C-CCC77A4760DF}.Debug|ARM.Build.0 = Debug|iPhone
		{CEC9C2CA-F7B2-48A0-A89C-CCC77A4760DF}.Debug|ARM.Deploy.0 = Debug|iPhone
		{CEC9C2CA-F7B2-48A0-A89C-CCC77A4760DF}.Debug|iPhone.ActiveCfg = Debug|iPhone
		{CEC9C2CA-F7B2-48A0-A89C-CCC77A4760DF}.Debug|iPhone.Build.0 = Debug|iPhone
		{CEC9C2CA-F7B2-48A0-A89C-CCC77A4760DF}.Debug|iPhone.Deploy.0 = Debug|iPhone
		{CEC9C2CA-F7B2-48A0-A89C-CCC77A4760DF}.Debug|iPhoneSimulator.ActiveCfg = Debug|iPhoneSimulator
		{CEC9C2CA-F7B2-48A0-A89C-CCC77A4760DF}.Debug|iPhoneSimulator.Build.0 = Debug|iPhoneSimulator
		{CEC9C2CA-F7B2-48A0-A89C-CCC77A4760DF}.Debug|iPhoneSimulator.Deploy.0 = Debug|iPhoneSimulator
		{CEC9C2CA-F7B2-48A0-A89C-CCC77A4760DF}.Debug|x64.ActiveCfg = Debug|iPhone
		{CEC9C2CA-F7B2-48A0-A89C-CCC77A4760DF}.Debug|x64.Build.0 = Debug|iPhone
		{CEC9C2CA-F7B2-48A0-A89C-CCC77A4760DF}.Debug|x64.Deploy.0 = Debug|iPhone
		{CEC9C2CA-F7B2-48A0-A89C-CCC77A4760DF}.Debug|x86.ActiveCfg = Debug|iPhone
		{CEC9C2CA-F7B2-48A0-A89C-CCC77A4760DF}.Debug|x86.Build.0 = Debug|iPhone
		{CEC9C2CA-F7B2-48A0-A89C-CCC77A4760DF}.Debug|x86.Deploy.0 = Debug|iPhone
		{CEC9C2CA-F7B2-48A0-A89C-CCC77A4760DF}.Release|Any CPU.ActiveCfg = Release|iPhone
		{CEC9C2CA-F7B2-48A0-A89C-CCC77A4760DF}.Release|Any CPU.Build.0 = Release|iPhone
		{CEC9C2CA-F7B2-48A0-A89C-CCC77A4760DF}.Release|Any CPU.Deploy.0 = Release|iPhone
		{CEC9C2CA-F7B2-48A0-A89C-CCC77A4760DF}.Release|ARM.ActiveCfg = Release|iPhone
		{CEC9C2CA-F7B2-48A0-A89C-CCC77A4760DF}.Release|ARM.Build.0 = Release|iPhone
		{CEC9C2CA-F7B2-48A0-A89C-CCC77A4760DF}.Release|ARM.Deploy.0 = Release|iPhone
		{CEC9C2CA-F7B2-48A0-A89C-CCC77A4760DF}.Release|iPhone.ActiveCfg = Release|iPhone
		{CEC9C2CA-F7B2-48A0-A89C-CCC77A4760DF}.Release|iPhone.Build.0 = Release|iPhone
		{CEC9C2CA-F7B2-48A0-A89C-CCC77A4760DF}.Release|iPhone.Deploy.0 = Release|iPhone
		{CEC9C2CA-F7B2-48A0-A89C-CCC77A4760DF}.Release|iPhoneSimulator.ActiveCfg = Release|iPhoneSimulator
		{CEC9C2CA-F7B2-48A0-A89C-CCC77A4760DF}.Release|iPhoneSimulator.Build.0 = Release|iPhoneSimulator
		{CEC9C2CA-F7B2-48A0-A89C-CCC77A4760DF}.Release|iPhoneSimulator.Deploy.0 = Release|iPhoneSimulator
		{CEC9C2CA-F7B2-48A0-A89C-CCC77A4760DF}.Release|x64.ActiveCfg = Release|iPhone
		{CEC9C2CA-F7B2-48A0-A89C-CCC77A4760DF}.Release|x64.Build.0 = Release|iPhone
		{CEC9C2CA-F7B2-48A0-A89C-CCC77A4760DF}.Release|x64.Deploy.0 = Release|iPhone
		{CEC9C2CA-F7B2-48A0-A89C-CCC77A4760DF}.Release|x86.ActiveCfg = Release|iPhone
		{CEC9C2CA-F7B2-48A0-A89C-CCC77A4760DF}.Release|x86.Build.0 = Release|iPhone
		{CEC9C2CA-F7B2-48A0-A89C-CCC77A4760DF}.Release|x86.Deploy.0 = Release|iPhone
		{344CCCD4-FE7D-457D-B621-20C5443ACD1E}.Ad-Hoc|Any CPU.ActiveCfg = Release|x86
		{344CCCD4-FE7D-457D-B621-20C5443ACD1E}.Ad-Hoc|Any CPU.Build.0 = Release|x86
		{344CCCD4-FE7D-457D-B621-20C5443ACD1E}.Ad-Hoc|Any CPU.Deploy.0 = Release|x86
		{344CCCD4-FE7D-457D-B621-20C5443ACD1E}.Ad-Hoc|ARM.ActiveCfg = Release|ARM
		{344CCCD4-FE7D-457D-B621-20C5443ACD1E}.Ad-Hoc|ARM.Build.0 = Release|ARM
		{344CCCD4-FE7D-457D-B621-20C5443ACD1E}.Ad-Hoc|ARM.Deploy.0 = Release|ARM
		{344CCCD4-FE7D-457D-B621-20C5443ACD1E}.Ad-Hoc|iPhone.ActiveCfg = Release|x86
		{344CCCD4-FE7D-457D-B621-20C5443ACD1E}.Ad-Hoc|iPhone.Build.0 = Release|x86
		{344CCCD4-FE7D-457D-B621-20C5443ACD1E}.Ad-Hoc|iPhone.Deploy.0 = Release|x86
		{344CCCD4-FE7D-457D-B621-20C5443ACD1E}.Ad-Hoc|iPhoneSimulator.ActiveCfg = Release|x86
		{344CCCD4-FE7D-457D-B621-20C5443ACD1E}.Ad-Hoc|iPhoneSimulator.Build.0 = Release|x86
		{344CCCD4-FE7D-457D-B621-20C5443ACD1E}.Ad-Hoc|iPhoneSimulator.Deploy.0 = Release|x86
		{344CCCD4-FE7D-457D-B621-20C5443ACD1E}.Ad-Hoc|x64.ActiveCfg = Release|x64
		{344CCCD4-FE7D-457D-B621-20C5443ACD1E}.Ad-Hoc|x64.Build.0 = Release|x64
		{344CCCD4-FE7D-457D-B621-20C5443ACD1E}.Ad-Hoc|x64.Deploy.0 = Release|x64
		{344CCCD4-FE7D-457D-B621-20C5443ACD1E}.Ad-Hoc|x86.ActiveCfg = Release|x86
		{344CCCD4-FE7D-457D-B621-20C5443ACD1E}.Ad-Hoc|x86.Build.0 = Release|x86
		{344CCCD4-FE7D-457D-B621-20C5443ACD1E}.Ad-Hoc|x86.Deploy.0 = Release|x86
		{344CCCD4-FE7D-457D-B621-20C5443ACD1E}.AppStore|Any CPU.ActiveCfg = Release|x86
		{344CCCD4-FE7D-457D-B621-20C5443ACD1E}.AppStore|Any CPU.Build.0 = Release|x86
		{344CCCD4-FE7D-457D-B621-20C5443ACD1E}.AppStore|Any CPU.Deploy.0 = Release|x86
		{344CCCD4-FE7D-457D-B621-20C5443ACD1E}.AppStore|ARM.ActiveCfg = Release|ARM
		{344CCCD4-FE7D-457D-B621-20C5443ACD1E}.AppStore|ARM.Build.0 = Release|ARM
		{344CCCD4-FE7D-457D-B621-20C5443ACD1E}.AppStore|ARM.Deploy.0 = Release|ARM
		{344CCCD4-FE7D-457D-B621-20C5443ACD1E}.AppStore|iPhone.ActiveCfg = Release|x86
		{344CCCD4-FE7D-457D-B621-20C5443ACD1E}.AppStore|iPhone.Build.0 = Release|x86
		{344CCCD4-FE7D-457D-B621-20C5443ACD1E}.AppStore|iPhone.Deploy.0 = Release|x86
		{344CCCD4-FE7D-457D-B621-20C5443ACD1E}.AppStore|iPhoneSimulator.ActiveCfg = Release|x86
		{344CCCD4-FE7D-457D-B621-20C5443ACD1E}.AppStore|iPhoneSimulator.Build.0 = Release|x86
		{344CCCD4-FE7D-457D-B621-20C5443ACD1E}.AppStore|iPhoneSimulator.Deploy.0 = Release|x86
		{344CCCD4-FE7D-457D-B621-20C5443ACD1E}.AppStore|x64.ActiveCfg = Release|x64
		{344CCCD4-FE7D-457D-B621-20C5443ACD1E}.AppStore|x64.Build.0 = Release|x64
		{344CCCD4-FE7D-457D-B621-20C5443ACD1E}.AppStore|x64.Deploy.0 = Release|x64
		{344CCCD4-FE7D-457D-B621-20C5443ACD1E}.AppStore|x86.ActiveCfg = Release|x86
		{344CCCD4-FE7D-457D-B621-20C5443ACD1E}.AppStore|x86.Build.0 = Release|x86
		{344CCCD4-FE7D-457D-B621-20C5443ACD1E}.AppStore|x86.Deploy.0 = Release|x86
		{344CCCD4-FE7D-457D-B621-20C5443ACD1E}.Debug|Any CPU.ActiveCfg = Debug|x86
		{344CCCD4-FE7D-457D-B621-20C5443ACD1E}.Debug|Any CPU.Build.0 = Debug|x86
		{344CCCD4-FE7D-457D-B621-20C5443ACD1E}.Debug|Any CPU.Deploy.0 = Debug|x86
		{344CCCD4-FE7D-457D-B621-20C5443ACD1E}.Debug|ARM.ActiveCfg = Debug|ARM
		{344CCCD4-FE7D-457D-B621-20C5443ACD1E}.Debug|ARM.Build.0 = Debug|ARM
		{344CCCD4-FE7D-457D-B621-20C5443ACD1E}.Debug|ARM.Deploy.0 = Debug|ARM
		{344CCCD4-FE7D-457D-B621-20C5443ACD1E}.Debug|iPhone.ActiveCfg = Debug|x86
		{344CCCD4-FE7D-457D-B621-20C5443ACD1E}.Debug|iPhone.Build.0 = Debug|x86
		{344CCCD4-FE7D-457D-B621-20C5443ACD1E}.Debug|iPhone.Deploy.0 = Debug|x86
		{344CCCD4-FE7D-457D-B621-20C5443ACD1E}.Debug|iPhoneSimulator.ActiveCfg = Debug|x86
		{344CCCD4-FE7D-457D-B621-20C5443ACD1E}.Debug|iPhoneSimulator.Build.0 = Debug|x86
		{344CCCD4-FE7D-457D-B621-20C5443ACD1E}.Debug|iPhoneSimulator.Deploy.0 = Debug|x86
		{344CCCD4-FE7D-457D-B621-20C5443ACD1E}.Debug|x64.ActiveCfg = Debug|x64
		{344CCCD4-FE7D-457D-B621-20C5443ACD1E}.Debug|x64.Build.0 = Debug|x64
		{344CCCD4-FE7D-457D-B621-20C5443ACD1E}.Debug|x64.Deploy.0 = Debug|x64
		{344CCCD4-FE7D-457D-B621-20C5443ACD1E}.Debug|x86.ActiveCfg = Debug|x86
		{344CCCD4-FE7D-457D-B621-20C5443ACD1E}.Debug|x86.Build.0 = Debug|x86
		{344CCCD4-FE7D-457D-B621-20C5443ACD1E}.Debug|x86.Deploy.0 = Debug|x86
		{344CCCD4-FE7D-457D-B621-20C5443ACD1E}.Release|Any CPU.ActiveCfg = Release|x86
		{344CCCD4-FE7D-457D-B621-20C5443ACD1E}.Release|Any CPU.Build.0 = Release|x86
		{344CCCD4-FE7D-457D-B621-20C5443ACD1E}.Release|Any CPU.Deploy.0 = Release|x86
		{344CCCD4-FE7D-457D-B621-20C5443ACD1E}.Release|ARM.ActiveCfg = Release|ARM
		{344CCCD4-FE7D-457D-B621-20C5443ACD1E}.Release|ARM.Build.0 = Release|ARM
		{344CCCD4-FE7D-457D-B621-20C5443ACD1E}.Release|ARM.Deploy.0 = Release|ARM
		{344CCCD4-FE7D-457D-B621-20C5443ACD1E}.Release|iPhone.ActiveCfg = Release|x86
		{344CCCD4-FE7D-457D-B621-20C5443ACD1E}.Release|iPhone.Build.0 = Release|x86
		{344CCCD4-FE7D-457D-B621-20C5443ACD1E}.Release|iPhone.Deploy.0 = Release|x86
		{344CCCD4-FE7D-457D-B621-20C5443ACD1E}.Release|iPhoneSimulator.ActiveCfg = Release|x86
		{344CCCD4-FE7D-457D-B621-20C5443ACD1E}.Release|iPhoneSimulator.Build.0 = Release|x86
		{344CCCD4-FE7D-457D-B621-20C5443ACD1E}.Release|iPhoneSimulator.Deploy.0 = Release|x86
		{344CCCD4-FE7D-457D-B621-20C5443ACD1E}.Release|x64.ActiveCfg = Release|x64
		{344CCCD4-FE7D-457D-B621-20C5443ACD1E}.Release|x64.Build.0 = Release|x64
		{344CCCD4-FE7D-457D-B621-20C5443ACD1E}.Release|x64.Deploy.0 = Release|x64
		{344CCCD4-FE7D-457D-B621-20C5443ACD1E}.Release|x86.ActiveCfg = Release|x86
		{344CCCD4-FE7D-457D-B621-20C5443ACD1E}.Release|x86.Build.0 = Release|x86
		{344CCCD4-FE7D-457D-B621-20C5443ACD1E}.Release|x86.Deploy.0 = Release|x86
		{CBA10C8A-76A8-49B2-8ADE-84C42DEF9CAB}.Ad-Hoc|Any CPU.ActiveCfg = Debug|Any CPU
		{CBA10C8A-76A8-49B2-8ADE-84C42DEF9CAB}.Ad-Hoc|Any CPU.Build.0 = Debug|Any CPU
		{CBA10C8A-76A8-49B2-8ADE-84C42DEF9CAB}.Ad-Hoc|Any CPU.Deploy.0 = Debug|Any CPU
		{CBA10C8A-76A8-49B2-8ADE-84C42DEF9CAB}.Ad-Hoc|ARM.ActiveCfg = Debug|Any CPU
		{CBA10C8A-76A8-49B2-8ADE-84C42DEF9CAB}.Ad-Hoc|ARM.Build.0 = Debug|Any CPU
		{CBA10C8A-76A8-49B2-8ADE-84C42DEF9CAB}.Ad-Hoc|ARM.Deploy.0 = Debug|Any CPU
		{CBA10C8A-76A8-49B2-8ADE-84C42DEF9CAB}.Ad-Hoc|iPhone.ActiveCfg = Debug|Any CPU
		{CBA10C8A-76A8-49B2-8ADE-84C42DEF9CAB}.Ad-Hoc|iPhone.Build.0 = Debug|Any CPU
		{CBA10C8A-76A8-49B2-8ADE-84C42DEF9CAB}.Ad-Hoc|iPhone.Deploy.0 = Debug|Any CPU
		{CBA10C8A-76A8-49B2-8ADE-84C42DEF9CAB}.Ad-Hoc|iPhoneSimulator.ActiveCfg = Debug|Any CPU
		{CBA10C8A-76A8-49B2-8ADE-84C42DEF9CAB}.Ad-Hoc|iPhoneSimulator.Build.0 = Debug|Any CPU
		{CBA10C8A-76A8-49B2-8ADE-84C42DEF9CAB}.Ad-Hoc|iPhoneSimulator.Deploy.0 = Debug|Any CPU
		{CBA10C8A-76A8-49B2-8ADE-84C42DEF9CAB}.Ad-Hoc|x64.ActiveCfg = Debug|Any CPU
		{CBA10C8A-76A8-49B2-8ADE-84C42DEF9CAB}.Ad-Hoc|x64.Build.0 = Debug|Any CPU
		{CBA10C8A-76A8-49B2-8ADE-84C42DEF9CAB}.Ad-Hoc|x64.Deploy.0 = Debug|Any CPU
		{CBA10C8A-76A8-49B2-8ADE-84C42DEF9CAB}.Ad-Hoc|x86.ActiveCfg = Debug|Any CPU
		{CBA10C8A-76A8-49B2-8ADE-84C42DEF9CAB}.Ad-Hoc|x86.Build.0 = Debug|Any CPU
		{CBA10C8A-76A8-49B2-8ADE-84C42DEF9CAB}.Ad-Hoc|x86.Deploy.0 = Debug|Any CPU
		{CBA10C8A-76A8-49B2-8ADE-84C42DEF9CAB}.AppStore|Any CPU.ActiveCfg = Debug|Any CPU
		{CBA10C8A-76A8-49B2-8ADE-84C42DEF9CAB}.AppStore|Any CPU.Build.0 = Debug|Any CPU
		{CBA10C8A-76A8-49B2-8ADE-84C42DEF9CAB}.AppStore|Any CPU.Deploy.0 = Debug|Any CPU
		{CBA10C8A-76A8-49B2-8ADE-84C42DEF9CAB}.AppStore|ARM.ActiveCfg = Debug|Any CPU
		{CBA10C8A-76A8-49B2-8ADE-84C42DEF9CAB}.AppStore|ARM.Build.0 = Debug|Any CPU
		{CBA10C8A-76A8-49B2-8ADE-84C42DEF9CAB}.AppStore|ARM.Deploy.0 = Debug|Any CPU
		{CBA10C8A-76A8-49B2-8ADE-84C42DEF9CAB}.AppStore|iPhone.ActiveCfg = Debug|Any CPU
		{CBA10C8A-76A8-49B2-8ADE-84C42DEF9CAB}.AppStore|iPhone.Build.0 = Debug|Any CPU
		{CBA10C8A-76A8-49B2-8ADE-84C42DEF9CAB}.AppStore|iPhone.Deploy.0 = Debug|Any CPU
		{CBA10C8A-76A8-49B2-8ADE-84C42DEF9CAB}.AppStore|iPhoneSimulator.ActiveCfg = Debug|Any CPU
		{CBA10C8A-76A8-49B2-8ADE-84C42DEF9CAB}.AppStore|iPhoneSimulator.Build.0 = Debug|Any CPU
		{CBA10C8A-76A8-49B2-8ADE-84C42DEF9CAB}.AppStore|iPhoneSimulator.Deploy.0 = Debug|Any CPU
		{CBA10C8A-76A8-49B2-8ADE-84C42DEF9CAB}.AppStore|x64.ActiveCfg = Debug|Any CPU
		{CBA10C8A-76A8-49B2-8ADE-84C42DEF9CAB}.AppStore|x64.Build.0 = Debug|Any CPU
		{CBA10C8A-76A8-49B2-8ADE-84C42DEF9CAB}.AppStore|x64.Deploy.0 = Debug|Any CPU
		{CBA10C8A-76A8-49B2-8ADE-84C42DEF9CAB}.AppStore|x86.ActiveCfg = Debug|Any CPU
		{CBA10C8A-76A8-49B2-8ADE-84C42DEF9CAB}.AppStore|x86.Build.0 = Debug|Any CPU
		{CBA10C8A-76A8-49B2-8ADE-84C42DEF9CAB}.AppStore|x86.Deploy.0 = Debug|Any CPU
		{CBA10C8A-76A8-49B2-8ADE-84C42DEF9CAB}.Debug|Any CPU.ActiveCfg = Debug|Any CPU
		{CBA10C8A-76A8-49B2-8ADE-84C42DEF9CAB}.Debug|Any CPU.Build.0 = Debug|Any CPU
		{CBA10C8A-76A8-49B2-8ADE-84C42DEF9CAB}.Debug|Any CPU.Deploy.0 = Debug|Any CPU
		{CBA10C8A-76A8-49B2-8ADE-84C42DEF9CAB}.Debug|ARM.ActiveCfg = Debug|Any CPU
		{CBA10C8A-76A8-49B2-8ADE-84C42DEF9CAB}.Debug|ARM.Build.0 = Debug|Any CPU
		{CBA10C8A-76A8-49B2-8ADE-84C42DEF9CAB}.Debug|ARM.Deploy.0 = Debug|Any CPU
		{CBA10C8A-76A8-49B2-8ADE-84C42DEF9CAB}.Debug|iPhone.ActiveCfg = Debug|Any CPU
		{CBA10C8A-76A8-49B2-8ADE-84C42DEF9CAB}.Debug|iPhone.Build.0 = Debug|Any CPU
		{CBA10C8A-76A8-49B2-8ADE-84C42DEF9CAB}.Debug|iPhone.Deploy.0 = Debug|Any CPU
		{CBA10C8A-76A8-49B2-8ADE-84C42DEF9CAB}.Debug|iPhoneSimulator.ActiveCfg = Debug|Any CPU
		{CBA10C8A-76A8-49B2-8ADE-84C42DEF9CAB}.Debug|iPhoneSimulator.Build.0 = Debug|Any CPU
		{CBA10C8A-76A8-49B2-8ADE-84C42DEF9CAB}.Debug|iPhoneSimulator.Deploy.0 = Debug|Any CPU
		{CBA10C8A-76A8-49B2-8ADE-84C42DEF9CAB}.Debug|x64.ActiveCfg = Debug|Any CPU
		{CBA10C8A-76A8-49B2-8ADE-84C42DEF9CAB}.Debug|x64.Build.0 = Debug|Any CPU
		{CBA10C8A-76A8-49B2-8ADE-84C42DEF9CAB}.Debug|x64.Deploy.0 = Debug|Any CPU
		{CBA10C8A-76A8-49B2-8ADE-84C42DEF9CAB}.Debug|x86.ActiveCfg = Debug|Any CPU
		{CBA10C8A-76A8-49B2-8ADE-84C42DEF9CAB}.Debug|x86.Build.0 = Debug|Any CPU
		{CBA10C8A-76A8-49B2-8ADE-84C42DEF9CAB}.Debug|x86.Deploy.0 = Debug|Any CPU
		{CBA10C8A-76A8-49B2-8ADE-84C42DEF9CAB}.Release|Any CPU.ActiveCfg = Release|Any CPU
		{CBA10C8A-76A8-49B2-8ADE-84C42DEF9CAB}.Release|Any CPU.Build.0 = Release|Any CPU
		{CBA10C8A-76A8-49B2-8ADE-84C42DEF9CAB}.Release|Any CPU.Deploy.0 = Release|Any CPU
		{CBA10C8A-76A8-49B2-8ADE-84C42DEF9CAB}.Release|ARM.ActiveCfg = Release|Any CPU
		{CBA10C8A-76A8-49B2-8ADE-84C42DEF9CAB}.Release|ARM.Build.0 = Release|Any CPU
		{CBA10C8A-76A8-49B2-8ADE-84C42DEF9CAB}.Release|ARM.Deploy.0 = Release|Any CPU
		{CBA10C8A-76A8-49B2-8ADE-84C42DEF9CAB}.Release|iPhone.ActiveCfg = Release|Any CPU
		{CBA10C8A-76A8-49B2-8ADE-84C42DEF9CAB}.Release|iPhone.Build.0 = Release|Any CPU
		{CBA10C8A-76A8-49B2-8ADE-84C42DEF9CAB}.Release|iPhone.Deploy.0 = Release|Any CPU
		{CBA10C8A-76A8-49B2-8ADE-84C42DEF9CAB}.Release|iPhoneSimulator.ActiveCfg = Release|Any CPU
		{CBA10C8A-76A8-49B2-8ADE-84C42DEF9CAB}.Release|iPhoneSimulator.Build.0 = Release|Any CPU
		{CBA10C8A-76A8-49B2-8ADE-84C42DEF9CAB}.Release|iPhoneSimulator.Deploy.0 = Release|Any CPU
		{CBA10C8A-76A8-49B2-8ADE-84C42DEF9CAB}.Release|x64.ActiveCfg = Release|Any CPU
		{CBA10C8A-76A8-49B2-8ADE-84C42DEF9CAB}.Release|x64.Build.0 = Release|Any CPU
		{CBA10C8A-76A8-49B2-8ADE-84C42DEF9CAB}.Release|x64.Deploy.0 = Release|Any CPU
		{CBA10C8A-76A8-49B2-8ADE-84C42DEF9CAB}.Release|x86.ActiveCfg = Release|Any CPU
		{CBA10C8A-76A8-49B2-8ADE-84C42DEF9CAB}.Release|x86.Build.0 = Release|Any CPU
		{CBA10C8A-76A8-49B2-8ADE-84C42DEF9CAB}.Release|x86.Deploy.0 = Release|Any CPU
	EndGlobalSection
	GlobalSection(SolutionProperties) = preSolution
		HideSolutionNode = FALSE
	EndGlobalSection
	GlobalSection(ExtensibilityGlobals) = postSolution
		SolutionGuid = {D66953CB-6EC5-4138-9B6D-2607D1DFB395}
	EndGlobalSection
EndGlobal
